
Microsoft Visual Studio Solution File, Format Version 12.00
# Visual Studio Version 17
VisualStudioVersion = 17.7.34018.315
MinimumVisualStudioVersion = 10.0.40219.1
Project("{8BC9CEB8-8B4A-11D0-8D11-00A0C91BC942}") = "DX_Training", "DX_Training\DX_Training.vcxproj", "{11E8AFF3-0B2A-4998-81D2-C106557F3BB4}"
EndProject
Project("{8BC9CEB8-8B4A-11D0-8D11-00A0C91BC942}") = "JsonCPP", "ThirdParty\jsoncpp\JsonCPP.vcxproj", "{6F72882D-0D00-4288-AE68-40D54A544A6E}"
EndProject
Global
	GlobalSection(SolutionConfigurationPlatforms) = preSolution
		Debug|x64 = Debug|x64
		Debug|x86 = Debug|x86
		Release|x64 = Release|x64
		Release|x86 = Release|x86
	EndGlobalSection
	GlobalSection(ProjectConfigurationPlatforms) = postSolution
		{11E8AFF3-0B2A-4998-81D2-C106557F3BB4}.Debug|x64.ActiveCfg = Debug|x64
		{11E8AFF3-0B2A-4998-81D2-C106557F3BB4}.Debug|x64.Build.0 = Debug|x64
		{11E8AFF3-0B2A-4998-81D2-C106557F3BB4}.Debug|x86.ActiveCfg = Debug|Win32
		{11E8AFF3-0B2A-4998-81D2-C106557F3BB4}.Debug|x86.Build.0 = Debug|Win32
		{11E8AFF3-0B2A-4998-81D2-C106557F3BB4}.Release|x64.ActiveCfg = Release|x64
		{11E8AFF3-0B2A-4998-81D2-C106557F3BB4}.Release|x64.Build.0 = Release|x64
		{11E8AFF3-0B2A-4998-81D2-C106557F3BB4}.Release|x86.ActiveCfg = Release|Win32
		{11E8AFF3-0B2A-4998-81D2-C106557F3BB4}.Release|x86.Build.0 = Release|Win32
		{6F72882D-0D00-4288-AE68-40D54A544A6E}.Debug|x64.ActiveCfg = Debug|x64
		{6F72882D-0D00-4288-AE68-40D54A544A6E}.Debug|x64.Build.0 = Debug|x64
		{6F72882D-0D00-4288-AE68-40D54A544A6E}.Debug|x86.ActiveCfg = Debug|Win32
		{6F72882D-0D00-4288-AE68-40D54A544A6E}.Debug|x86.Build.0 = Debug|Win32
		{6F72882D-0D00-4288-AE68-40D54A544A6E}.Release|x64.ActiveCfg = Release|x64
		{6F72882D-0D00-4288-AE68-40D54A544A6E}.Release|x64.Build.0 = Release|x64
		{6F72882D-0D00-4288-AE68-40D54A544A6E}.Release|x86.ActiveCfg = Release|Win32
		{6F72882D-0D00-4288-AE68-40D54A544A6E}.Release|x86.Build.0 = Release|Win32
	EndGlobalSection
	GlobalSection(SolutionProperties) = preSolution
		HideSolutionNode = FALSE
	EndGlobalSection
	GlobalSection(ExtensibilityGlobals) = postSolution
		SolutionGuid = {2A0AB73E-143B-44AA-ACC1-86D7B2F70EA4}
	EndGlobalSection
EndGlobal
