<?xml version="1.0" encoding="utf-8"?>
<Project ToolsVersion="4.0" xmlns="http://schemas.microsoft.com/developer/msbuild/2003">
  <ItemGroup>
    <Filter Include="RenderGraph">
      <UniqueIdentifier>{655a79d2-83a4-4a7a-800d-20d91f7a03d0}</UniqueIdentifier>
    </Filter>
    <Filter Include="RenderGraph\Helpers">
      <UniqueIdentifier>{eb84723e-d9b7-4ad4-a5d9-700194ae833a}</UniqueIdentifier>
    </Filter>
  </ItemGroup>
  <ItemGroup>
    <ClInclude Include="RenderGraph\RenderContext.h">
      <Filter>RenderGraph</Filter>
    </ClInclude>
    <ClInclude Include="RenderGraph\RenderGraph.h">
      <Filter>RenderGraph</Filter>
    </ClInclude>
    <ClInclude Include="RenderGraph\RenderPass.h">
      <Filter>RenderGraph</Filter>
    </ClInclude>
    <ClInclude Include="RenderGraph\RenderPassBuilder.h">
      <Filter>RenderGraph</Filter>
    </ClInclude>
    <ClInclude Include="RenderGraph\Helpers\PassWorker.h">
      <Filter>RenderGraph\Helpers</Filter>
    </ClInclude>
    <ClInclude Include="RenderGraph\Helpers\PassWorkerManager.h">
      <Filter>RenderGraph\Helpers</Filter>
    </ClInclude>
    <ClInclude Include="RenderGraph\Helpers\WorkQueue.h">
      <Filter>RenderGraph\Helpers</Filter>
    </ClInclude>
    <ClInclude Include="RenderGraphPCH.h" />
  </ItemGroup>
  <ItemGroup>
    <ClCompile Include="RenderGraph\RenderContext.cpp">
      <Filter>RenderGraph</Filter>
    </ClCompile>
    <ClCompile Include="RenderGraph\RenderGraph.cpp">
      <Filter>RenderGraph</Filter>
    </ClCompile>
    <ClCompile Include="RenderGraph\RenderPass.cpp">
      <Filter>RenderGraph</Filter>
    </ClCompile>
    <ClCompile Include="RenderGraph\RenderPassBuilder.cpp">
      <Filter>RenderGraph</Filter>
    </ClCompile>
    <ClCompile Include="RenderGraph\Helpers\PassWorker.cpp">
      <Filter>RenderGraph\Helpers</Filter>
    </ClCompile>
    <ClCompile Include="RenderGraph\Helpers\PassWorkerManager.cpp">
      <Filter>RenderGraph\Helpers</Filter>
    </ClCompile>
    <ClCompile Include="RenderGraph\Helpers\WorkQueue.cpp">
      <Filter>RenderGraph\Helpers</Filter>
    </ClCompile>
    <ClCompile Include="RenderGraphPCH.cpp" />
  </ItemGroup>
  <ItemGroup>
    <None Include="RenderGraph\RenderPass.inl">
      <Filter>RenderGraph</Filter>
    </None>
  </ItemGroup>
</Project>