<?xml version="1.0" encoding="utf-8"?>
<Project ToolsVersion="4.0" xmlns="http://schemas.microsoft.com/developer/msbuild/2003">
  <ItemGroup>
    <FxCompile Include="Shaders\DebugDraw\AABB_gs.hlsl" />
    <FxCompile Include="Shaders\DebugDraw\AABB_ps.hlsl" />
    <FxCompile Include="Shaders\DebugDraw\AABB_vs.hlsl" />
    <FxCompile Include="Shaders\DebugDraw\Armature_gs.hlsl" />
    <FxCompile Include="Shaders\DebugDraw\Armature_ps.hlsl" />
    <FxCompile Include="Shaders\DebugDraw\Armature_vs.hlsl" />
    <FxCompile Include="Shaders\DebugDraw\Cone_gs.hlsl" />
    <FxCompile Include="Shaders\DebugDraw\Cone_ps.hlsl" />
    <FxCompile Include="Shaders\DebugDraw\Cone_vs.hlsl" />
    <FxCompile Include="Shaders\DebugDraw\Sphere_gs.hlsl" />
    <FxCompile Include="Shaders\DebugDraw\Sphere_ps.hlsl" />
    <FxCompile Include="Shaders\DebugDraw\Sphere_vs.hlsl" />
    <FxCompile Include="Shaders\DeferredShading\DeferredShading.hlsl" />
    <FxCompile Include="Shaders\AntiAliasing\FXAA_cs.hlsl" />
    <FxCompile Include="Shaders\GeometryPass\GPass_ps.hlsl" />
    <FxCompile Include="Shaders\GeometryPass\GPass_vs.hlsl" />
    <FxCompile Include="Shaders\HDR\ToneMapping.hlsl" />
    <FxCompile Include="Shaders\DebugDraw\OBB_gs.hlsl" />
    <FxCompile Include="Shaders\DebugDraw\OBB_ps.hlsl" />
    <FxCompile Include="Shaders\DebugDraw\OBB_vs.hlsl" />
    <FxCompile Include="Shaders\Shadows\ShadowMapping_PointLight_vs.hlsl" />
    <FxCompile Include="Shaders\Shadows\ShadowMapping_PointLight_gs.hlsl" />
    <FxCompile Include="Shaders\Shadows\ShadowMapping_SpotLight_vs.hlsl" />
    <FxCompile Include="Shaders\_deprecated\Mesh_ps.hlsl" />
    <FxCompile Include="Shaders\_deprecated\Mesh_vs.hlsl" />
    <FxCompile Include="Shaders\_deprecated\NegativePostFX_cs.hlsl" />
    <FxCompile Include="Shaders\_deprecated\PostFX_cs.hlsl" />
    <FxCompile Include="Shaders\Skybox\Skybox_cs.hlsl" />
    <FxCompile Include="Shaders\_deprecated\SwirlPostFX_cs.hlsl" />
    <FxCompile Include="Shaders\HDR\BuildLuminanceHistogram.hlsl" />
    <FxCompile Include="Shaders\HDR\AverageLuminance.hlsl" />
    <FxCompile Include="Shaders\Shadows\LightCulling_PointLight.hlsl" />
  </ItemGroup>
  <ItemGroup>
    <ClCompile Include="Render\Helpers\DrawHelpers.cpp" />
    <ClCompile Include="Render\Frame\CacheGPU.cpp" />
    <ClCompile Include="Render\Helpers\GPUStructs.cpp" />
    <ClCompile Include="Render\Helpers\RenderHelpers.cpp" />
    <ClCompile Include="Render\Passes\GeometryPass.cpp" />
    <ClCompile Include="Scene\Volumes\OBBVolume.cpp" />
    <ClCompile Include="Scene\Entity\Components\Armature.cpp" />
    <ClCompile Include="Scene\Entity\Components\Animation.cpp" />
    <ClCompile Include="Scene\Entity\Components\Light.cpp" />
    <ClCompile Include="Scene\Entity\Components\Material.cpp" />
    <ClCompile Include="Scene\Entity\Components\Mesh.cpp" />
    <ClCompile Include="Scene\Entity\EntityLoader.cpp" />
    <ClCompile Include="Scene\Entity\Entity.cpp" />
    <ClCompile Include="Scene\Entity\Components\IComponent.cpp" />
    <ClCompile Include="Scene\SceneCache.cpp" />
    <ClCompile Include="Render\SceneProcessors\UploadSceneProcessor.cpp" />
    <ClCompile Include="Scene\Entity\Components\Transformation.cpp" />
    <ClCompile Include="Scene\Entity\Components\Skybox.cpp" />
    <ClCompile Include="Scene\Volumes\AABBVolume.cpp" />
    <ClCompile Include="Utility\DebugInfo.cpp" />
    <ClCompile Include="Input\InputDevice.cpp" />
    <ClCompile Include="Window\Win32Window.cpp" />
    <ClCompile Include="Scene\Volumes\FrustumVolume.cpp" />
    <ClCompile Include="Render\Frame\FencePool.cpp" />
    <ClCompile Include="Render\Frame\AllocatorPool.cpp" />
    <ClCompile Include="Render\Frame\Executor.cpp" />
    <ClCompile Include="Render\Frame\Frame.cpp" />
    <ClCompile Include="Scene\Entity\Components\Camera.cpp" />
    <ClCompile Include="Render\Frame\TaskGPU.cpp" />
    <ClCompile Include="Scene\Scene.cpp" />
    <ClCompile Include="Utility\PoissonDiskDistribution.cpp" />
    <ClCompile Include="RendererPCH.cpp" />
    <ClCompile Include="Utility\Logger.cpp" />
    <ClCompile Include="Render\DXRenderer.cpp" />
    <ClCompile Include="Utility\Helpers.cpp" />
    <ClCompile Include="Main.cpp" />
    <ClCompile Include="Application.cpp" />
    <ClCompile Include="Utility\HighResolutionClock.cpp" />
    <ClCompile Include="Render\Passes\LightingPass.cpp" />
    <ClCompile Include="Render\Passes\SkyboxPass.cpp" />
    <ClCompile Include="Render\Passes\PFX\LuminanceHistogramPass.cpp" />
    <ClCompile Include="Render\Passes\PFX\AverageLuminancePass.cpp" />
    <ClCompile Include="Render\Passes\PFX\ToneMappingPass.cpp" />
    <ClCompile Include="Render\Passes\PassResources.cpp" />
    <ClCompile Include="Render\Passes\GUIPass.cpp" />
    <ClCompile Include="Render\Passes\Debug\DebugBoundingVolumePass.cpp" />
    <ClCompile Include="Render\Passes\FXAAPass.cpp" />
    <ClCompile Include="Render\Passes\Debug\DebugArmaturePass.cpp" />
    <ClCompile Include="Render\Passes\ShadowCullPass.cpp" />
    <ClCompile Include="Render\Passes\ShadowDrawPass.cpp" />
    <ClCompile Include="Render\Passes\ShadowClearPass.cpp" />
  </ItemGroup>
  <ItemGroup>
    <ClInclude Include="Render\Helpers\DrawHelpers.h" />
    <ClInclude Include="Render\Frame\CacheGPU.h" />
    <ClInclude Include="Render\Helpers\GPUStructs.h" />
    <ClInclude Include="Render\Helpers\RenderHelpers.h" />
    <ClInclude Include="Render\Passes\GeometryPass.h" />
    <ClInclude Include="Scene\Volumes\OBBVolume.h" />
    <ClInclude Include="Scene\Entity\Components\Armature.h" />
    <ClInclude Include="Scene\Entity\Components\Animation.h" />
    <ClInclude Include="Scene\Entity\Components\Light.h" />
    <ClInclude Include="Scene\Entity\Components\Material.h" />
    <ClInclude Include="Scene\Entity\Components\Mesh.h" />
    <ClInclude Include="Render\SceneProcessors\ISceneProcessor.h" />
    <ClInclude Include="Scene\Entity\EntityLoader.h" />
    <ClInclude Include="Scene\Entity\Entity.h" />
    <ClInclude Include="Resources\resource1.h" />
    <ClInclude Include="Scene\Entity\Components\IComponent.h" />
    <ClInclude Include="Scene\SceneCache.h" />
    <ClInclude Include="Render\SceneProcessors\UploadSceneProcessor.h" />
    <ClInclude Include="Scene\Entity\Components\Transformation.h" />
    <ClInclude Include="Scene\Entity\Components\Skybox.h" />
    <ClInclude Include="Scene\Volumes\CapsuleVolume.h" />
    <ClInclude Include="Utility\DebugInfo.h" />
    <ClInclude Include="Events\IEvent.h" />
    <ClInclude Include="Input\InputDevice.h" />
    <ClInclude Include="Input\DirectInputKeyCodes.h" />
    <ClInclude Include="Resources\Resources.h" />
    <ClInclude Include="Window\IWindowEventListener.h" />
    <ClInclude Include="Window\Win32Window.h" />
    <ClInclude Include="Scene\Volumes\FrustumVolume.h" />
    <ClInclude Include="Scene\Volumes\AABBVolume.h" />
    <ClInclude Include="Scene\Volumes\IVolume.h" />
    <ClInclude Include="Render\Frame\FencePool.h" />
    <ClInclude Include="Render\Frame\AllocatorPool.h" />
    <ClInclude Include="Render\Frame\Executor.h" />
    <ClInclude Include="Render\Frame\Frame.h" />
    <ClInclude Include="Scene\Entity\Components\Camera.h" />
    <ClInclude Include="Events\KeyEvent.h" />
    <ClInclude Include="Events\MouseButtonEvent.h" />
    <ClInclude Include="Events\MouseMoveEvent.h" />
    <ClInclude Include="Events\MouseScrollEvent.h" />
    <ClInclude Include="Events\RenderEvent.h" />
    <ClInclude Include="Events\ResizeEvent.h" />
    <ClInclude Include="Events\UpdateEvent.h" />
    <ClInclude Include="Render\Frame\TaskGPU.h" />
    <ClInclude Include="Scene\Scene.h" />
    <ClInclude Include="Utility\Defines.h" />
    <ClInclude Include="Utility\PoissonDiskDistribution.h" />
    <ClInclude Include="RendererPCH.h" />
    <ClInclude Include="Utility\Logger.h" />
    <ClInclude Include="Render\DXRenderer.h" />
    <ClInclude Include="Utility\Helpers.h" />
    <ClInclude Include="Application.h" />
    <ClInclude Include="Utility\HighResolutionClock.h" />
    <ClInclude Include="Render\Passes\LightingPass.h" />
    <ClInclude Include="Render\Passes\SkyboxPass.h" />
    <ClInclude Include="Render\Passes\PFX\LuminanceHistogramPass.h" />
    <ClInclude Include="Render\Passes\PassResources.h" />
    <ClInclude Include="Render\Passes\PFX\AverageLuminancePass.h" />
    <ClInclude Include="Render\Passes\PFX\ToneMappingPass.h" />
    <ClInclude Include="Render\Passes\GUIPass.h" />
    <ClInclude Include="Render\Passes\Debug\DebugBoundingVolumePass.h" />
    <ClInclude Include="Render\Passes\FXAAPass.h" />
    <ClInclude Include="Render\Passes\Debug\DebugArmaturePass.h" />
    <ClInclude Include="Render\Passes\ShadowCullPass.h" />
    <ClInclude Include="Render\Passes\ShadowDrawPass.h" />
    <ClInclude Include="Render\Passes\ShadowClearPass.h" />
  </ItemGroup>
  <ItemGroup>
    <ResourceCompile Include="Resources\Resource.rc" />
  </ItemGroup>
  <ItemGroup>
    <None Include="PipelineDescriptions\DebugConePipeline.tech" />
    <None Include="PipelineDescriptions\DebugSpherePipeline.tech" />
    <None Include="PipelineDescriptions\FXAAPipeline.tech" />
    <None Include="PipelineDescriptions\PCFShadows.blend" />
    <None Include="PipelineDescriptions\Shadow_PointLight.tech" />
    <None Include="PipelineDescriptions\Shadow_SpotLight.tech" />
    <None Include="PipelineDescriptions\Raster_Solid_CullBack.raster" />
    <None Include="PipelineDescriptions\ToneMappingPipeline.tech" />
    <None Include="Shaders\DebugDraw\AABB_rootsig.hlsli" />
    <None Include="Shaders\DebugDraw\Armature_rootsig.hlsli" />
    <None Include="Shaders\Common.hlsli" />
    <None Include="Shaders\DebugDraw\Cone_rootsig.hlsli" />
    <None Include="Shaders\DebugDraw\Sphere_rootsig.hlsli" />
    <None Include="Shaders\DeferredShading\DeferredShading_rootsig.hlsli" />
    <None Include="Shaders\DepthFuncs.hlsli" />
    <None Include="Shaders\AntiAliasing\FXAA_helpers.hlsli" />
    <None Include="Shaders\AntiAliasing\FXAA_rootsig.hlsli" />
    <None Include="Shaders\GeometryPass\GPass_rootsig.hlsli" />
    <None Include="Shaders\HDR\ToneMapping.hlsli" />
    <None Include="Shaders\DebugDraw\OBB_rootsig.hlsli" />
    <None Include="Shaders\Shadows\ShadowMapping_rootsig.hlsli" />
    <None Include="Shaders\_deprecated\LambertLighting.hlsli" />
    <None Include="Shaders\LightingCommon.hlsli" />
    <None Include="Shaders\PBR.hlsli" />
    <None Include="Shaders\_deprecated\PostFX_rootsig.hlsli" />
    <None Include="Shaders\_deprecated\SemiAmbientLighting.hlsli" />
    <None Include="Shaders\_deprecated\Mesh_rootsig.hlsli" />
    <None Include="Shaders\Skybox\Skybox_rootsig.hlsli" />
    <None Include="PipelineDescriptions\BuildLuminanceHistogramPipeline.tech" />
    <None Include="PipelineDescriptions\AverageLuminancePipeline.tech" />
    <None Include="PipelineDescriptions\LightCulling_PointLight.tech" />
  </ItemGroup>
  <ItemGroup>
    <Text Include="PipelineDescriptions\AABBRenderPipeline.blend" />
    <Text Include="PipelineDescriptions\AABBRenderPipeline.tech" />
    <Text Include="PipelineDescriptions\ArmatureDebugPipeline.blend" />
    <Text Include="PipelineDescriptions\ArmatureDebugPipeline.tech" />
    <Text Include="PipelineDescriptions\DeferredShading.tech" />
    <Text Include="PipelineDescriptions\GPassPipeline.blend" />
    <Text Include="PipelineDescriptions\GPassPipeline.tech" />
    <Text Include="PipelineDescriptions\OBBRenderPipeline.tech" />
    <Text Include="PipelineDescriptions\Raster_Solid.raster" />
    <Text Include="PipelineDescriptions\SkyboxPipeline.tech" />
    <Text Include="PipelineDescriptions\Depth_LE_WriteAll.depth" />
    <Text Include="PipelineDescriptions\Depth_None.depth" />
  </ItemGroup>
</Project>