<?xml version="1.0" encoding="utf-8"?>
<Project ToolsVersion="4.0" xmlns="http://schemas.microsoft.com/developer/msbuild/2003">
  <ItemGroup>
    <Filter Include="DXObjects">
      <UniqueIdentifier>{2f262470-38c3-4bc4-82f1-04c6cdc1e9b1}</UniqueIdentifier>
    </Filter>
    <Filter Include="Shaders">
      <UniqueIdentifier>{1fa8204c-e6b6-4306-9e69-716675047cee}</UniqueIdentifier>
    </Filter>
    <Filter Include="Events">
      <UniqueIdentifier>{d11677a7-4cb4-4b20-8dc3-1be37916da49}</UniqueIdentifier>
    </Filter>
    <Filter Include="GUI">
      <UniqueIdentifier>{48559464-e5a2-4e44-8bd9-d9d4f3dfd2b0}</UniqueIdentifier>
    </Filter>
    <Filter Include="Input">
      <UniqueIdentifier>{0e0a974a-7aab-4339-b615-91ca2f5c7915}</UniqueIdentifier>
    </Filter>
    <Filter Include="PipelineDescriptions">
      <UniqueIdentifier>{0bbffeb4-ef93-4886-80cb-821c2cd7a64c}</UniqueIdentifier>
    </Filter>
    <Filter Include="Utility">
      <UniqueIdentifier>{ba85e162-2625-422d-95dc-de4a24460236}</UniqueIdentifier>
    </Filter>
    <Filter Include="Window">
      <UniqueIdentifier>{6a822050-4c04-4aa1-a359-660b6fd1d08b}</UniqueIdentifier>
    </Filter>
    <Filter Include="Scene">
      <UniqueIdentifier>{1fdf81e1-e0d3-4b7f-94f6-2ec2bac3effc}</UniqueIdentifier>
    </Filter>
    <Filter Include="Scene\Volumes">
      <UniqueIdentifier>{18be97cf-5507-4265-81fd-923551e9ad11}</UniqueIdentifier>
    </Filter>
    <Filter Include="Render">
      <UniqueIdentifier>{f810bfa3-b12c-49ee-985b-530d44b7abf6}</UniqueIdentifier>
    </Filter>
    <Filter Include="Resources">
      <UniqueIdentifier>{52dbdf78-39a3-44ef-a91a-4b59e168b2d5}</UniqueIdentifier>
    </Filter>
    <Filter Include="Scene\ECS">
      <UniqueIdentifier>{f3830d58-ce55-44a7-9f20-9b1fc14cae98}</UniqueIdentifier>
    </Filter>
    <Filter Include="Render\SceneProcessors">
      <UniqueIdentifier>{17a82661-fd05-4dfb-bc37-88dd30baf974}</UniqueIdentifier>
    </Filter>
    <Filter Include="Render\GPUStructs">
      <UniqueIdentifier>{f14915d8-8f19-4ff9-a19a-1f9833380e9c}</UniqueIdentifier>
    </Filter>
    <Filter Include="Render\Frame">
      <UniqueIdentifier>{44759726-0daa-4ba7-bf3a-b40616f9303b}</UniqueIdentifier>
    </Filter>
    <Filter Include="Shaders\_deprecated">
      <UniqueIdentifier>{0cff9de6-f4ea-4a7a-b3cc-8484eb782352}</UniqueIdentifier>
    </Filter>
  </ItemGroup>
  <ItemGroup>
    <ClCompile Include="DXObjects\DescriptorHeap.cpp">
      <Filter>DXObjects</Filter>
    </ClCompile>
    <ClCompile Include="DXObjects\DescriptorHeapDescription.cpp">
      <Filter>DXObjects</Filter>
    </ClCompile>
    <ClCompile Include="DXObjects\Device.cpp">
      <Filter>DXObjects</Filter>
    </ClCompile>
    <ClCompile Include="DXObjects\Fence.cpp">
      <Filter>DXObjects</Filter>
    </ClCompile>
    <ClCompile Include="DXObjects\Heap.cpp">
      <Filter>DXObjects</Filter>
    </ClCompile>
    <ClCompile Include="DXObjects\HeapDescription.cpp">
      <Filter>DXObjects</Filter>
    </ClCompile>
    <ClCompile Include="DXObjects\OcclusionQuery.cpp">
      <Filter>DXObjects</Filter>
    </ClCompile>
    <ClCompile Include="DXObjects\Resource.cpp">
      <Filter>DXObjects</Filter>
    </ClCompile>
    <ClCompile Include="DXObjects\ResourceDescription.cpp">
      <Filter>DXObjects</Filter>
    </ClCompile>
    <ClCompile Include="DXObjects\ResourceTable.cpp">
      <Filter>DXObjects</Filter>
    </ClCompile>
    <ClCompile Include="DXObjects\RootSignature.cpp">
      <Filter>DXObjects</Filter>
    </ClCompile>
    <ClCompile Include="DXObjects\StatisticsQuery.cpp">
      <Filter>DXObjects</Filter>
    </ClCompile>
    <ClCompile Include="DXObjects\SwapChain.cpp">
      <Filter>DXObjects</Filter>
    </ClCompile>
    <ClCompile Include="DXObjects\Texture.cpp">
      <Filter>DXObjects</Filter>
    </ClCompile>
    <ClCompile Include="DXObjects\CommandList.cpp">
      <Filter>DXObjects</Filter>
    </ClCompile>
    <ClCompile Include="Input\InputDevice.cpp">
      <Filter>Input</Filter>
    </ClCompile>
    <ClCompile Include="Utility\DebugInfo.cpp">
      <Filter>Utility</Filter>
    </ClCompile>
    <ClCompile Include="Utility\Helpers.cpp">
      <Filter>Utility</Filter>
    </ClCompile>
    <ClCompile Include="Utility\HighResolutionClock.cpp">
      <Filter>Utility</Filter>
    </ClCompile>
    <ClCompile Include="Utility\Logger.cpp">
      <Filter>Utility</Filter>
    </ClCompile>
    <ClCompile Include="Utility\PoissonDiskDistribution.cpp">
      <Filter>Utility</Filter>
    </ClCompile>
    <ClCompile Include="Window\Win32Window.cpp">
      <Filter>Window</Filter>
    </ClCompile>
    <ClCompile Include="Scene\NodeFactory.cpp">
      <Filter>Scene</Filter>
    </ClCompile>
    <ClCompile Include="Scene\Scene.cpp">
      <Filter>Scene</Filter>
    </ClCompile>
    <ClCompile Include="Scene\SceneCache.cpp">
      <Filter>Scene</Filter>
    </ClCompile>
    <ClCompile Include="Scene\Volumes\FrustumVolume.cpp">
      <Filter>Scene\Volumes</Filter>
    </ClCompile>
    <ClCompile Include="Render\DXRenderer.cpp">
      <Filter>Render</Filter>
    </ClCompile>
    <ClCompile Include="Render\GBuffer.cpp">
      <Filter>Render</Filter>
    </ClCompile>
    <ClCompile Include="stdafx.cpp" />
    <ClCompile Include="Application.cpp" />
    <ClCompile Include="Main.cpp" />
    <ClCompile Include="Scene\Skybox.cpp">
      <Filter>Scene</Filter>
    </ClCompile>
    <ClCompile Include="GUI\GUI.cpp">
      <Filter>GUI</Filter>
    </ClCompile>
    <ClCompile Include="Scene\ECS\ComponentFactory.cpp">
      <Filter>Scene\ECS</Filter>
    </ClCompile>
    <ClCompile Include="Scene\ECS\Components.cpp">
      <Filter>Scene\ECS</Filter>
    </ClCompile>
    <ClCompile Include="Scene\ECS\Entity.cpp">
      <Filter>Scene\ECS</Filter>
    </ClCompile>
    <ClCompile Include="Scene\Camera.cpp">
      <Filter>Scene</Filter>
    </ClCompile>
    <ClCompile Include="Scene\Viewport.cpp">
      <Filter>Scene</Filter>
    </ClCompile>
    <ClCompile Include="Render\Frame\AllocatorPool.cpp">
      <Filter>Render\Frame</Filter>
    </ClCompile>
    <ClCompile Include="Render\Frame\Executor.cpp">
      <Filter>Render\Frame</Filter>
    </ClCompile>
    <ClCompile Include="Render\Frame\FencePool.cpp">
      <Filter>Render\Frame</Filter>
    </ClCompile>
    <ClCompile Include="Render\Frame\Frame.cpp">
      <Filter>Render\Frame</Filter>
    </ClCompile>
    <ClCompile Include="Render\Frame\TaskGPU.cpp">
      <Filter>Render\Frame</Filter>
    </ClCompile>
    <ClCompile Include="Render\SceneProcessors\DrawSceneProcessor.cpp">
      <Filter>Render\SceneProcessors</Filter>
    </ClCompile>
    <ClCompile Include="Render\SceneProcessors\SetupCachedDataProcessor.cpp">
      <Filter>Render\SceneProcessors</Filter>
    </ClCompile>
    <ClCompile Include="Render\SceneProcessors\UploadSceneProcessor.cpp">
      <Filter>Render\SceneProcessors</Filter>
    </ClCompile>
    <ClCompile Include="Render\GPUStructs\GPUModelDesc.cpp">
      <Filter>Render\GPUStructs</Filter>
    </ClCompile>
    <ClCompile Include="Render\GPUStructs\GPUSceneDesc.cpp">
      <Filter>Render\GPUStructs</Filter>
    </ClCompile>
    <ClCompile Include="Scene\ECS\EntityLoader.cpp">
      <Filter>Scene\ECS</Filter>
    </ClCompile>
    <ClCompile Include="Render\GPUStructs\GPULightDesc.cpp" />
  </ItemGroup>
  <ItemGroup>
    <ClInclude Include="DXObjects\CommandList.h">
      <Filter>DXObjects</Filter>
    </ClInclude>
    <ClInclude Include="DXObjects\DescriptorHeap.h">
      <Filter>DXObjects</Filter>
    </ClInclude>
    <ClInclude Include="DXObjects\DescriptorHeapDescription.h">
      <Filter>DXObjects</Filter>
    </ClInclude>
    <ClInclude Include="DXObjects\Device.h">
      <Filter>DXObjects</Filter>
    </ClInclude>
    <ClInclude Include="DXObjects\Fence.h">
      <Filter>DXObjects</Filter>
    </ClInclude>
    <ClInclude Include="DXObjects\Heap.h">
      <Filter>DXObjects</Filter>
    </ClInclude>
    <ClInclude Include="DXObjects\HeapDescription.h">
      <Filter>DXObjects</Filter>
    </ClInclude>
    <ClInclude Include="DXObjects\ResourceTable.h">
      <Filter>DXObjects</Filter>
    </ClInclude>
    <ClInclude Include="DXObjects\RootSignature.h">
      <Filter>DXObjects</Filter>
    </ClInclude>
    <ClInclude Include="DXObjects\ResourceDescription.h">
      <Filter>DXObjects</Filter>
    </ClInclude>
    <ClInclude Include="DXObjects\Resource.h">
      <Filter>DXObjects</Filter>
    </ClInclude>
    <ClInclude Include="DXObjects\SwapChain.h">
      <Filter>DXObjects</Filter>
    </ClInclude>
    <ClInclude Include="DXObjects\Texture.h">
      <Filter>DXObjects</Filter>
    </ClInclude>
    <ClInclude Include="DXObjects\OcclusionQuery.h">
      <Filter>DXObjects</Filter>
    </ClInclude>
    <ClInclude Include="DXObjects\StatisticsQuery.h">
      <Filter>DXObjects</Filter>
    </ClInclude>
    <ClInclude Include="Events\IEvent.h">
      <Filter>Events</Filter>
    </ClInclude>
    <ClInclude Include="Events\MouseButtonEvent.h">
      <Filter>Events</Filter>
    </ClInclude>
    <ClInclude Include="Events\MouseMoveEvent.h">
      <Filter>Events</Filter>
    </ClInclude>
    <ClInclude Include="Events\MouseScrollEvent.h">
      <Filter>Events</Filter>
    </ClInclude>
    <ClInclude Include="Events\KeyEvent.h">
      <Filter>Events</Filter>
    </ClInclude>
    <ClInclude Include="Events\RenderEvent.h">
      <Filter>Events</Filter>
    </ClInclude>
    <ClInclude Include="Events\ResizeEvent.h">
      <Filter>Events</Filter>
    </ClInclude>
    <ClInclude Include="Events\UpdateEvent.h">
      <Filter>Events</Filter>
    </ClInclude>
    <ClInclude Include="Input\InputDevice.h">
      <Filter>Input</Filter>
    </ClInclude>
    <ClInclude Include="Utility\DebugInfo.h">
      <Filter>Utility</Filter>
    </ClInclude>
    <ClInclude Include="Utility\Defines.h">
      <Filter>Utility</Filter>
    </ClInclude>
    <ClInclude Include="Utility\DirectInputKeyCodes.h">
      <Filter>Utility</Filter>
    </ClInclude>
    <ClInclude Include="Utility\Helpers.h">
      <Filter>Utility</Filter>
    </ClInclude>
    <ClInclude Include="Utility\HighResolutionClock.h">
      <Filter>Utility</Filter>
    </ClInclude>
    <ClInclude Include="Utility\KeyCodes.h">
      <Filter>Utility</Filter>
    </ClInclude>
    <ClInclude Include="Utility\Logger.h">
      <Filter>Utility</Filter>
    </ClInclude>
    <ClInclude Include="Utility\PoissonDiskDistribution.h">
      <Filter>Utility</Filter>
    </ClInclude>
    <ClInclude Include="Window\Win32Window.h">
      <Filter>Window</Filter>
    </ClInclude>
    <ClInclude Include="Window\IWindowEventListener.h">
      <Filter>Window</Filter>
    </ClInclude>
    <ClInclude Include="Scene\NodeFactory.h">
      <Filter>Scene</Filter>
    </ClInclude>
    <ClInclude Include="Scene\Scene.h">
      <Filter>Scene</Filter>
    </ClInclude>
    <ClInclude Include="Scene\SceneCache.h">
      <Filter>Scene</Filter>
    </ClInclude>
    <ClInclude Include="Scene\Volumes\AABBVolume.h">
      <Filter>Scene\Volumes</Filter>
    </ClInclude>
    <ClInclude Include="Scene\Volumes\FrustumVolume.h">
      <Filter>Scene\Volumes</Filter>
    </ClInclude>
    <ClInclude Include="Scene\Volumes\IVolume.h">
      <Filter>Scene\Volumes</Filter>
    </ClInclude>
    <ClInclude Include="Render\DXRenderer.h">
      <Filter>Render</Filter>
    </ClInclude>
    <ClInclude Include="Render\GBuffer.h">
      <Filter>Render</Filter>
    </ClInclude>
    <ClInclude Include="Application.h" />
    <ClInclude Include="stdafx.h" />
    <ClInclude Include="Utility\Resources.h">
      <Filter>Resources</Filter>
    </ClInclude>
    <ClInclude Include="Resources\resource1.h">
      <Filter>Resources</Filter>
    </ClInclude>
    <ClInclude Include="Scene\Skybox.h">
      <Filter>Scene</Filter>
    </ClInclude>
    <ClInclude Include="GUI\GUI.h">
      <Filter>GUI</Filter>
    </ClInclude>
    <ClInclude Include="Scene\ECS\ComponentFactory.h">
      <Filter>Scene\ECS</Filter>
    </ClInclude>
    <ClInclude Include="Scene\ECS\Components.h">
      <Filter>Scene\ECS</Filter>
    </ClInclude>
    <ClInclude Include="Scene\ECS\Entity.h">
      <Filter>Scene\ECS</Filter>
    </ClInclude>
    <ClInclude Include="Scene\Camera.h">
      <Filter>Scene</Filter>
    </ClInclude>
    <ClInclude Include="Scene\Viewport.h">
      <Filter>Scene</Filter>
    </ClInclude>
    <ClInclude Include="Render\Frame\AllocatorPool.h">
      <Filter>Render\Frame</Filter>
    </ClInclude>
    <ClInclude Include="Render\Frame\Executor.h">
      <Filter>Render\Frame</Filter>
    </ClInclude>
    <ClInclude Include="Render\Frame\FencePool.h">
      <Filter>Render\Frame</Filter>
    </ClInclude>
    <ClInclude Include="Render\Frame\Frame.h">
      <Filter>Render\Frame</Filter>
    </ClInclude>
    <ClInclude Include="Render\Frame\TaskGPU.h">
      <Filter>Render\Frame</Filter>
    </ClInclude>
    <ClInclude Include="Render\SceneProcessors\DrawSceneProcessor.h">
      <Filter>Render\SceneProcessors</Filter>
    </ClInclude>
    <ClInclude Include="Render\SceneProcessors\SetupCachedDataProcessor.h">
      <Filter>Render\SceneProcessors</Filter>
    </ClInclude>
    <ClInclude Include="Render\SceneProcessors\UploadSceneProcessor.h">
      <Filter>Render\SceneProcessors</Filter>
    </ClInclude>
    <ClInclude Include="Render\SceneProcessors\ISceneProcessor.h">
      <Filter>Render\SceneProcessors</Filter>
    </ClInclude>
    <ClInclude Include="Render\GPUStructs\GPUModelDesc.h">
      <Filter>Render\GPUStructs</Filter>
    </ClInclude>
    <ClInclude Include="Render\GPUStructs\GPUSceneDesc.h">
      <Filter>Render\GPUStructs</Filter>
    </ClInclude>
    <ClInclude Include="Scene\ECS\EntityLoader.h">
      <Filter>Scene\ECS</Filter>
    </ClInclude>
    <ClInclude Include="Render\GPUStructs\GPULightDesc.h" />
  </ItemGroup>
  <ItemGroup>
    <FxCompile Include="Shaders\AABB_gs.hlsl">
      <Filter>Shaders</Filter>
    </FxCompile>
    <FxCompile Include="Shaders\AABB_ps.hlsl">
      <Filter>Shaders</Filter>
    </FxCompile>
    <FxCompile Include="Shaders\AABB_vs.hlsl">
      <Filter>Shaders</Filter>
    </FxCompile>
    <FxCompile Include="Shaders\DeferredShading.hlsl">
      <Filter>Shaders</Filter>
    </FxCompile>
    <FxCompile Include="Shaders\GPass_ps.hlsl">
      <Filter>Shaders</Filter>
    </FxCompile>
    <FxCompile Include="Shaders\GPass_vs.hlsl">
      <Filter>Shaders</Filter>
    </FxCompile>
    <FxCompile Include="Shaders\Skybox_cs.hlsl">
      <Filter>Shaders</Filter>
    </FxCompile>
    <FxCompile Include="Shaders\_deprecated\Mesh_ps.hlsl">
      <Filter>Shaders\_deprecated</Filter>
    </FxCompile>
    <FxCompile Include="Shaders\_deprecated\Mesh_vs.hlsl">
      <Filter>Shaders\_deprecated</Filter>
    </FxCompile>
    <FxCompile Include="Shaders\_deprecated\NegativePostFX_cs.hlsl">
      <Filter>Shaders\_deprecated</Filter>
    </FxCompile>
    <FxCompile Include="Shaders\_deprecated\PostFX_cs.hlsl">
      <Filter>Shaders\_deprecated</Filter>
    </FxCompile>
    <FxCompile Include="Shaders\_deprecated\SwirlPostFX_cs.hlsl">
      <Filter>Shaders\_deprecated</Filter>
    </FxCompile>
  </ItemGroup>
  <ItemGroup>
    <None Include="packages.config" />
    <None Include="Shaders\AABB_rootsig.hlsli">
      <Filter>Shaders</Filter>
    </None>
    <None Include="Shaders\DeferredShading_rootsig.hlsli">
      <Filter>Shaders</Filter>
    </None>
    <None Include="Shaders\DepthFuncs.hlsli">
      <Filter>Shaders</Filter>
    </None>
    <None Include="Shaders\GPass_rootsig.hlsli">
      <Filter>Shaders</Filter>
    </None>
    <None Include="Shaders\LightingCommon.hlsli">
      <Filter>Shaders</Filter>
    </None>
    <None Include="Shaders\Common.hlsli">
      <Filter>Shaders</Filter>
    </None>
    <None Include="PipelineDescriptions\AABBRenderPipeline.blend">
      <Filter>PipelineDescriptions</Filter>
    </None>
    <None Include="PipelineDescriptions\AABBRenderPipeline.depth">
      <Filter>PipelineDescriptions</Filter>
    </None>
    <None Include="PipelineDescriptions\AABBRenderPipeline.raster">
      <Filter>PipelineDescriptions</Filter>
    </None>
    <None Include="PipelineDescriptions\AABBRenderPipeline.tech">
      <Filter>PipelineDescriptions</Filter>
    </None>
    <None Include="PipelineDescriptions\DeferredShading.tech">
      <Filter>PipelineDescriptions</Filter>
    </None>
    <None Include="PipelineDescriptions\GPassPipeline.blend">
      <Filter>PipelineDescriptions</Filter>
    </None>
    <None Include="PipelineDescriptions\GPassPipeline.depth">
      <Filter>PipelineDescriptions</Filter>
    </None>
    <None Include="PipelineDescriptions\GPassPipeline.raster">
      <Filter>PipelineDescriptions</Filter>
    </None>
    <None Include="PipelineDescriptions\GPassPipeline.tech">
      <Filter>PipelineDescriptions</Filter>
    </None>
    <None Include="Shaders\Skybox_rootsig.hlsli">
      <Filter>Shaders</Filter>
    </None>
    <None Include="Shaders\PBR.hlsli">
      <Filter>Shaders</Filter>
    </None>
    <None Include="PipelineDescriptions\SkyboxPipeline.tech">
      <Filter>PipelineDescriptions</Filter>
    </None>
    <None Include="Shaders\_deprecated\LambertLighting.hlsli">
      <Filter>Shaders\_deprecated</Filter>
    </None>
    <None Include="Shaders\_deprecated\Mesh_rootsig.hlsli">
      <Filter>Shaders\_deprecated</Filter>
    </None>
    <None Include="Shaders\_deprecated\PostFX_rootsig.hlsli">
      <Filter>Shaders\_deprecated</Filter>
    </None>
    <None Include="Shaders\_deprecated\SemiAmbientLighting.hlsli">
      <Filter>Shaders\_deprecated</Filter>
    </None>
  </ItemGroup>
  <ItemGroup>
    <ResourceCompile Include="Resources\Resource.rc">
      <Filter>Resources</Filter>
    </ResourceCompile>
  </ItemGroup>
</Project>