<?xml version="1.0" encoding="utf-8"?>
<Project ToolsVersion="4.0" xmlns="http://schemas.microsoft.com/developer/msbuild/2003">
  <ItemGroup>
    <FxCompile Include="Shaders\DebugDraw\AABB_gs.hlsl">
      <Filter>Shaders</Filter>
    </FxCompile>
    <FxCompile Include="Shaders\DebugDraw\AABB_ps.hlsl">
      <Filter>Shaders</Filter>
    </FxCompile>
    <FxCompile Include="Shaders\DebugDraw\AABB_vs.hlsl">
      <Filter>Shaders</Filter>
    </FxCompile>
    <FxCompile Include="Shaders\DebugDraw\Armature_gs.hlsl">
      <Filter>Shaders</Filter>
    </FxCompile>
    <FxCompile Include="Shaders\DebugDraw\Armature_ps.hlsl">
      <Filter>Shaders</Filter>
    </FxCompile>
    <FxCompile Include="Shaders\DebugDraw\Armature_vs.hlsl">
      <Filter>Shaders</Filter>
    </FxCompile>
    <FxCompile Include="Shaders\HDR\AverageLuminance.hlsl">
      <Filter>Shaders</Filter>
    </FxCompile>
    <FxCompile Include="Shaders\HDR\BuildLuminanceHistogram.hlsl">
      <Filter>Shaders</Filter>
    </FxCompile>
    <FxCompile Include="Shaders\DebugDraw\Cone_gs.hlsl">
      <Filter>Shaders</Filter>
    </FxCompile>
    <FxCompile Include="Shaders\DebugDraw\Cone_ps.hlsl">
      <Filter>Shaders</Filter>
    </FxCompile>
    <FxCompile Include="Shaders\DebugDraw\Cone_vs.hlsl">
      <Filter>Shaders</Filter>
    </FxCompile>
    <FxCompile Include="Shaders\DeferredShading\DeferredShading.hlsl">
      <Filter>Shaders</Filter>
    </FxCompile>
    <FxCompile Include="Shaders\AntiAliasing\FXAA_Pass1_cs.hlsl">
      <Filter>Shaders</Filter>
    </FxCompile>
    <FxCompile Include="Shaders\AntiAliasing\FXAA_Pass2_cs.hlsli">
      <Filter>Shaders</Filter>
    </FxCompile>
    <FxCompile Include="Shaders\AntiAliasing\FXAA_Pass2H_cs.hlsl">
      <Filter>Shaders</Filter>
    </FxCompile>
    <FxCompile Include="Shaders\AntiAliasing\FXAA_Pass2H_Debug_cs.hlsl">
      <Filter>Shaders</Filter>
    </FxCompile>
    <FxCompile Include="Shaders\AntiAliasing\FXAA_Pass2V_cs.hlsl">
      <Filter>Shaders</Filter>
    </FxCompile>
    <FxCompile Include="Shaders\AntiAliasing\FXAA_Pass2V_Debug_cs.hlsl">
      <Filter>Shaders</Filter>
    </FxCompile>
    <FxCompile Include="Shaders\AntiAliasing\FXAA_Resolve_cs.hlsl">
      <Filter>Shaders</Filter>
    </FxCompile>
    <FxCompile Include="Shaders\GeometryPass\GPass_ps.hlsl">
      <Filter>Shaders</Filter>
    </FxCompile>
    <FxCompile Include="Shaders\GeometryPass\GPass_vs.hlsl">
      <Filter>Shaders</Filter>
    </FxCompile>
    <FxCompile Include="Shaders\Shadows\LightCulling_PointLight.hlsl">
      <Filter>Shaders</Filter>
    </FxCompile>
    <FxCompile Include="Shaders\_deprecated\NegativePostFX_cs.hlsl">
      <Filter>Shaders</Filter>
    </FxCompile>
    <FxCompile Include="Shaders\DebugDraw\OBB_ps.hlsl">
      <Filter>Shaders</Filter>
    </FxCompile>
    <FxCompile Include="Shaders\DebugDraw\OBB_gs.hlsl">
      <Filter>Shaders</Filter>
    </FxCompile>
    <FxCompile Include="Shaders\DebugDraw\OBB_vs.hlsl">
      <Filter>Shaders</Filter>
    </FxCompile>
    <FxCompile Include="Shaders\_deprecated\PostFX_cs.hlsl">
      <Filter>Shaders</Filter>
    </FxCompile>
    <FxCompile Include="Shaders\Shadows\ShadowMapping_PointLight_gs.hlsl">
      <Filter>Shaders</Filter>
    </FxCompile>
    <FxCompile Include="Shaders\Shadows\ShadowMapping_PointLight_vs.hlsl">
      <Filter>Shaders</Filter>
    </FxCompile>
    <FxCompile Include="Shaders\Shadows\ShadowMapping_SpotLight_vs.hlsl">
      <Filter>Shaders</Filter>
    </FxCompile>
    <FxCompile Include="Shaders\Skybox\Skybox_cs.hlsl">
      <Filter>Shaders</Filter>
    </FxCompile>
    <FxCompile Include="Shaders\DebugDraw\Sphere_gs.hlsl">
      <Filter>Shaders</Filter>
    </FxCompile>
    <FxCompile Include="Shaders\DebugDraw\Sphere_ps.hlsl">
      <Filter>Shaders</Filter>
    </FxCompile>
    <FxCompile Include="Shaders\DebugDraw\Sphere_vs.hlsl">
      <Filter>Shaders</Filter>
    </FxCompile>
    <FxCompile Include="Shaders\_deprecated\SwirlPostFX_cs.hlsl">
      <Filter>Shaders</Filter>
    </FxCompile>
    <FxCompile Include="Shaders\HDR\ToneMapping.hlsl">
      <Filter>Shaders</Filter>
    </FxCompile>
  </ItemGroup>
  <ItemGroup>
    <ClCompile Include="RendererPCH.cpp" />
    <ClCompile Include="Render\Passes\PFX\AverageLuminancePass.cpp">
      <Filter>Render\Passes</Filter>
    </ClCompile>
    <ClCompile Include="Render\Passes\Debug\DebugBoundingVolumePass.cpp">
      <Filter>Render\Passes</Filter>
    </ClCompile>
    <ClCompile Include="Render\Passes\Debug\DebugArmaturePass.cpp">
      <Filter>Render\Passes</Filter>
    </ClCompile>
    <ClCompile Include="Render\Passes\GeometryPass.cpp">
      <Filter>Render\Passes</Filter>
    </ClCompile>
    <ClCompile Include="Render\Passes\FXAAPass.cpp">
      <Filter>Render\Passes</Filter>
    </ClCompile>
    <ClCompile Include="Render\Passes\PFX\LuminanceHistogramPass.cpp">
      <Filter>Render\Passes</Filter>
    </ClCompile>
    <ClCompile Include="Render\Passes\LightingPass.cpp">
      <Filter>Render\Passes</Filter>
    </ClCompile>
    <ClCompile Include="Render\Passes\PassResources.cpp">
      <Filter>Render\Passes</Filter>
    </ClCompile>
    <ClCompile Include="Render\Passes\ShadowCullPass.cpp">
      <Filter>Render\Passes</Filter>
    </ClCompile>
    <ClCompile Include="Render\Passes\ShadowClearPass.cpp">
      <Filter>Render\Passes</Filter>
    </ClCompile>
    <ClCompile Include="Render\Passes\ShadowDrawPass.cpp">
      <Filter>Render\Passes</Filter>
    </ClCompile>
    <ClCompile Include="Render\Passes\SkyboxPass.cpp">
      <Filter>Render\Passes</Filter>
    </ClCompile>
    <ClCompile Include="Render\Passes\PFX\ToneMappingPass.cpp">
      <Filter>Render\Passes</Filter>
    </ClCompile>
    <ClCompile Include="Render\Frame\AllocatorPool.cpp">
      <Filter>Render\Frame</Filter>
    </ClCompile>
    <ClCompile Include="Render\Frame\Executor.cpp">
      <Filter>Render\Frame</Filter>
    </ClCompile>
    <ClCompile Include="Render\Frame\FencePool.cpp">
      <Filter>Render\Frame</Filter>
    </ClCompile>
    <ClCompile Include="Render\Frame\Frame.cpp">
      <Filter>Render\Frame</Filter>
    </ClCompile>
    <ClCompile Include="Scene\Volumes\AABBVolume.cpp">
      <Filter>Scene\Volumes</Filter>
    </ClCompile>
    <ClCompile Include="Scene\Volumes\FrustumVolume.cpp">
      <Filter>Scene\Volumes</Filter>
    </ClCompile>
    <ClCompile Include="Scene\Entity\Components\Animation.cpp">
      <Filter>Scene\Entity\Components</Filter>
    </ClCompile>
    <ClCompile Include="Scene\Entity\Components\Armature.cpp">
      <Filter>Scene\Entity\Components</Filter>
    </ClCompile>
    <ClCompile Include="Scene\Entity\Components\Camera.cpp">
      <Filter>Scene\Entity\Components</Filter>
    </ClCompile>
    <ClCompile Include="Scene\Entity\Components\IComponent.cpp">
      <Filter>Scene\Entity\Components</Filter>
    </ClCompile>
    <ClCompile Include="Scene\Entity\Components\Light.cpp">
      <Filter>Scene\Entity\Components</Filter>
    </ClCompile>
    <ClCompile Include="Scene\Entity\Components\Material.cpp">
      <Filter>Scene\Entity\Components</Filter>
    </ClCompile>
    <ClCompile Include="Scene\Entity\Components\Mesh.cpp">
      <Filter>Scene\Entity\Components</Filter>
    </ClCompile>
    <ClCompile Include="Scene\Entity\Components\Skybox.cpp">
      <Filter>Scene\Entity\Components</Filter>
    </ClCompile>
    <ClCompile Include="Scene\Entity\Components\Transformation.cpp">
      <Filter>Scene\Entity\Components</Filter>
    </ClCompile>
    <ClCompile Include="Scene\Volumes\OBBVolume.cpp">
      <Filter>Scene\Volumes</Filter>
    </ClCompile>
    <ClCompile Include="Scene\Entity\Entity.cpp">
      <Filter>Scene\Entity</Filter>
    </ClCompile>
    <ClCompile Include="Scene\Scene.cpp">
      <Filter>Scene</Filter>
    </ClCompile>
    <ClCompile Include="Scene\SceneCache.cpp">
      <Filter>Scene</Filter>
    </ClCompile>
    <ClCompile Include="Window\Win32Window.cpp">
      <Filter>Window</Filter>
    </ClCompile>
    <ClCompile Include="Render\DXRenderer.cpp">
      <Filter>Render</Filter>
    </ClCompile>
    <ClCompile Include="Render\RenderSettings.cpp">
      <Filter>Render</Filter>
    </ClCompile>
    <ClCompile Include="Input\InputDevice.cpp">
      <Filter>Input</Filter>
    </ClCompile>
    <ClCompile Include="Render\Helpers\DrawHelpers.cpp">
      <Filter>Render\Helpers</Filter>
    </ClCompile>
    <ClCompile Include="Render\Helpers\GPUStructs.cpp">
      <Filter>Render\Helpers</Filter>
    </ClCompile>
    <ClCompile Include="Render\Helpers\RenderHelpers.cpp">
      <Filter>Render\Helpers</Filter>
    </ClCompile>
    <ClCompile Include="Utility\HighResolutionClock.cpp">
      <Filter>Helpers</Filter>
    </ClCompile>
    <ClCompile Include="Utility\Helpers.cpp">
      <Filter>Helpers</Filter>
    </ClCompile>
    <ClCompile Include="Utility\DebugInfo.cpp">
      <Filter>Helpers</Filter>
    </ClCompile>
    <ClCompile Include="Utility\Logger.cpp">
      <Filter>Helpers</Filter>
    </ClCompile>
    <ClCompile Include="Utility\PoissonDiskDistribution.cpp">
      <Filter>Helpers</Filter>
    </ClCompile>
    <ClCompile Include="Render\Frame\TaskGPU.cpp">
      <Filter>Render\Frame</Filter>
    </ClCompile>
    <ClCompile Include="Render\Frame\CacheGPU.cpp">
      <Filter>Render\Frame</Filter>
    </ClCompile>
    <ClCompile Include="Render\SceneProcessors\UploadSceneProcessor.cpp">
      <Filter>Render\SceneProcessors</Filter>
    </ClCompile>
    <ClCompile Include="Scene\SceneLoader.cpp" />
    <ClCompile Include="Scene\TextureManager.cpp" />
  </ItemGroup>
  <ItemGroup>
    <ClInclude Include="RendererPCH.h" />
    <ClInclude Include="Render\Passes\PFX\AverageLuminancePass.h">
      <Filter>Render\Passes</Filter>
    </ClInclude>
    <ClInclude Include="Render\Passes\Debug\DebugBoundingVolumePass.h">
      <Filter>Render\Passes</Filter>
    </ClInclude>
    <ClInclude Include="Render\Passes\Debug\DebugArmaturePass.h">
      <Filter>Render\Passes</Filter>
    </ClInclude>
    <ClInclude Include="Render\Passes\GeometryPass.h">
      <Filter>Render\Passes</Filter>
    </ClInclude>
    <ClInclude Include="Render\Passes\FXAAPass.h">
      <Filter>Render\Passes</Filter>
    </ClInclude>
    <ClInclude Include="Render\Passes\PFX\LuminanceHistogramPass.h">
      <Filter>Render\Passes</Filter>
    </ClInclude>
    <ClInclude Include="Render\Passes\LightingPass.h">
      <Filter>Render\Passes</Filter>
    </ClInclude>
    <ClInclude Include="Render\Passes\PassResources.h">
      <Filter>Render\Passes</Filter>
    </ClInclude>
    <ClInclude Include="Render\Passes\ShadowCullPass.h">
      <Filter>Render\Passes</Filter>
    </ClInclude>
    <ClInclude Include="Render\Passes\ShadowClearPass.h">
      <Filter>Render\Passes</Filter>
    </ClInclude>
    <ClInclude Include="Render\Passes\ShadowDrawPass.h">
      <Filter>Render\Passes</Filter>
    </ClInclude>
    <ClInclude Include="Render\Passes\SkyboxPass.h">
      <Filter>Render\Passes</Filter>
    </ClInclude>
    <ClInclude Include="Render\Passes\PFX\ToneMappingPass.h">
      <Filter>Render\Passes</Filter>
    </ClInclude>
    <ClInclude Include="Render\Frame\AllocatorPool.h">
      <Filter>Render\Frame</Filter>
    </ClInclude>
    <ClInclude Include="Render\Frame\Executor.h">
      <Filter>Render\Frame</Filter>
    </ClInclude>
    <ClInclude Include="Render\Frame\FencePool.h">
      <Filter>Render\Frame</Filter>
    </ClInclude>
    <ClInclude Include="Render\Frame\Frame.h">
      <Filter>Render\Frame</Filter>
    </ClInclude>
    <ClInclude Include="Scene\Volumes\AABBVolume.h">
      <Filter>Scene\Volumes</Filter>
    </ClInclude>
    <ClInclude Include="Scene\Volumes\CapsuleVolume.h">
      <Filter>Scene\Volumes</Filter>
    </ClInclude>
    <ClInclude Include="Scene\Volumes\FrustumVolume.h">
      <Filter>Scene\Volumes</Filter>
    </ClInclude>
    <ClInclude Include="Scene\Volumes\IVolume.h">
      <Filter>Scene\Volumes</Filter>
    </ClInclude>
    <ClInclude Include="Scene\Entity\Components\Animation.h">
      <Filter>Scene\Entity\Components</Filter>
    </ClInclude>
    <ClInclude Include="Scene\Entity\Components\Armature.h">
      <Filter>Scene\Entity\Components</Filter>
    </ClInclude>
    <ClInclude Include="Scene\Entity\Components\Camera.h">
      <Filter>Scene\Entity\Components</Filter>
    </ClInclude>
    <ClInclude Include="Scene\Entity\Components\IComponent.h">
      <Filter>Scene\Entity\Components</Filter>
    </ClInclude>
    <ClInclude Include="Scene\Entity\Components\Light.h">
      <Filter>Scene\Entity\Components</Filter>
    </ClInclude>
    <ClInclude Include="Scene\Entity\Components\Material.h">
      <Filter>Scene\Entity\Components</Filter>
    </ClInclude>
    <ClInclude Include="Scene\Entity\Components\Mesh.h">
      <Filter>Scene\Entity\Components</Filter>
    </ClInclude>
    <ClInclude Include="Scene\Entity\Components\Skybox.h">
      <Filter>Scene\Entity\Components</Filter>
    </ClInclude>
    <ClInclude Include="Scene\Entity\Components\Transformation.h">
      <Filter>Scene\Entity\Components</Filter>
    </ClInclude>
    <ClInclude Include="Scene\Volumes\OBBVolume.h">
      <Filter>Scene\Volumes</Filter>
    </ClInclude>
    <ClInclude Include="Scene\Entity\Entity.h">
      <Filter>Scene\Entity</Filter>
    </ClInclude>
    <ClInclude Include="Scene\Scene.h">
      <Filter>Scene</Filter>
    </ClInclude>
    <ClInclude Include="Scene\SceneCache.h">
      <Filter>Scene</Filter>
    </ClInclude>
    <ClInclude Include="Window\IWindowEventListener.h">
      <Filter>Window</Filter>
    </ClInclude>
    <ClInclude Include="Window\Win32Window.h">
      <Filter>Window</Filter>
    </ClInclude>
    <ClInclude Include="Render\DXRenderer.h">
      <Filter>Render</Filter>
    </ClInclude>
    <ClInclude Include="Render\RenderSettings.h">
      <Filter>Render</Filter>
    </ClInclude>
    <ClInclude Include="Events\KeyEvent.h">
      <Filter>Events</Filter>
    </ClInclude>
    <ClInclude Include="Events\IEvent.h">
      <Filter>Events</Filter>
    </ClInclude>
    <ClInclude Include="Events\MouseButtonEvent.h">
      <Filter>Events</Filter>
    </ClInclude>
    <ClInclude Include="Events\MouseMoveEvent.h">
      <Filter>Events</Filter>
    </ClInclude>
    <ClInclude Include="Events\MouseScrollEvent.h">
      <Filter>Events</Filter>
    </ClInclude>
    <ClInclude Include="Events\ResizeEvent.h">
      <Filter>Events</Filter>
    </ClInclude>
    <ClInclude Include="Events\UpdateEvent.h">
      <Filter>Events</Filter>
    </ClInclude>
    <ClInclude Include="Input\DirectInputKeyCodes.h">
      <Filter>Input</Filter>
    </ClInclude>
    <ClInclude Include="Input\InputDevice.h">
      <Filter>Input</Filter>
    </ClInclude>
    <ClInclude Include="Render\Helpers\GPUStructs.h">
      <Filter>Render\Helpers</Filter>
    </ClInclude>
    <ClInclude Include="Render\Helpers\DrawHelpers.h">
      <Filter>Render\Helpers</Filter>
    </ClInclude>
    <ClInclude Include="Render\Helpers\RenderHelpers.h">
      <Filter>Render\Helpers</Filter>
    </ClInclude>
    <ClInclude Include="Utility\HighResolutionClock.h">
      <Filter>Helpers</Filter>
    </ClInclude>
    <ClInclude Include="Utility\Helpers.h">
      <Filter>Helpers</Filter>
    </ClInclude>
    <ClInclude Include="Utility\Defines.h">
      <Filter>Helpers</Filter>
    </ClInclude>
    <ClInclude Include="Utility\DebugInfo.h">
      <Filter>Helpers</Filter>
    </ClInclude>
    <ClInclude Include="Utility\Logger.h">
      <Filter>Helpers</Filter>
    </ClInclude>
    <ClInclude Include="Utility\PoissonDiskDistribution.h">
      <Filter>Helpers</Filter>
    </ClInclude>
    <ClInclude Include="Render\Frame\TaskGPU.h">
      <Filter>Render\Frame</Filter>
    </ClInclude>
    <ClInclude Include="Render\Frame\CacheGPU.h">
      <Filter>Render\Frame</Filter>
    </ClInclude>
    <ClInclude Include="Events\RenderEvent.h">
      <Filter>Events</Filter>
    </ClInclude>
    <ClInclude Include="Render\SceneProcessors\UploadSceneProcessor.h">
      <Filter>Render\SceneProcessors</Filter>
    </ClInclude>
    <ClInclude Include="Render\SceneProcessors\ISceneProcessor.h">
      <Filter>Render\SceneProcessors</Filter>
    </ClInclude>
    <ClInclude Include="Scene\SceneLoader.h" />
    <ClInclude Include="Scene\TextureManager.h" />
  </ItemGroup>
  <ItemGroup>
    <None Include="Shaders\DebugDraw\AABB_rootsig.hlsli">
      <Filter>Shaders</Filter>
    </None>
    <None Include="Shaders\DebugDraw\Armature_rootsig.hlsli">
      <Filter>Shaders</Filter>
    </None>
    <None Include="Shaders\Common.hlsli">
      <Filter>Shaders</Filter>
    </None>
    <None Include="Shaders\DebugDraw\Cone_rootsig.hlsli">
      <Filter>Shaders</Filter>
    </None>
    <None Include="Shaders\DeferredShading\DeferredShading_rootsig.hlsli">
      <Filter>Shaders</Filter>
    </None>
    <None Include="Shaders\DepthFuncs.hlsli">
      <Filter>Shaders</Filter>
    </None>
    <None Include="Shaders\AntiAliasing\FXAA_rootsig.hlsli">
      <Filter>Shaders</Filter>
    </None>
    <None Include="Shaders\GeometryPass\GPass_rootsig.hlsli">
      <Filter>Shaders</Filter>
    </None>
    <None Include="Shaders\_deprecated\LambertLighting.hlsli">
      <Filter>Shaders</Filter>
    </None>
    <None Include="Shaders\LightingCommon.hlsli">
      <Filter>Shaders</Filter>
    </None>
    <None Include="Shaders\DebugDraw\OBB_rootsig.hlsli">
      <Filter>Shaders</Filter>
    </None>
    <None Include="Shaders\PBR.hlsli">
      <Filter>Shaders</Filter>
    </None>
    <None Include="Shaders\PixelPacking.hlsli">
      <Filter>Shaders</Filter>
    </None>
    <None Include="Shaders\_deprecated\PostFX_rootsig.hlsli">
      <Filter>Shaders</Filter>
    </None>
    <None Include="Shaders\_deprecated\SemiAmbientLighting.hlsli">
      <Filter>Shaders</Filter>
    </None>
    <None Include="Shaders\Shadows\ShadowMapping_rootsig.hlsli">
      <Filter>Shaders</Filter>
    </None>
    <None Include="Shaders\Skybox\Skybox_rootsig.hlsli">
      <Filter>Shaders</Filter>
    </None>
    <None Include="Shaders\DebugDraw\Sphere_rootsig.hlsli">
      <Filter>Shaders</Filter>
    </None>
    <None Include="Shaders\HDR\ToneMapping.hlsli">
      <Filter>Shaders</Filter>
    </None>
    <None Include="PipelineDescriptions\AverageLuminancePipeline.tech">
      <Filter>PipelineDescriptions</Filter>
    </None>
    <None Include="PipelineDescriptions\BuildLuminanceHistogramPipeline.tech">
      <Filter>PipelineDescriptions</Filter>
    </None>
    <None Include="PipelineDescriptions\DebugConePipeline.tech">
      <Filter>PipelineDescriptions</Filter>
    </None>
    <None Include="PipelineDescriptions\DebugSpherePipeline.tech">
      <Filter>PipelineDescriptions</Filter>
    </None>
    <None Include="PipelineDescriptions\FXAA_Pass2H_Debug.tech">
      <Filter>PipelineDescriptions</Filter>
    </None>
    <None Include="PipelineDescriptions\FXAA_Pass2H.tech">
      <Filter>PipelineDescriptions</Filter>
    </None>
    <None Include="PipelineDescriptions\FXAA_Pass1.tech">
      <Filter>PipelineDescriptions</Filter>
    </None>
    <None Include="PipelineDescriptions\FXAA_Pass2V.tech">
      <Filter>PipelineDescriptions</Filter>
    </None>
    <None Include="PipelineDescriptions\FXAA_Pass2V_Debug.tech">
      <Filter>PipelineDescriptions</Filter>
    </None>
    <None Include="PipelineDescriptions\FXAA_ResolveWork.tech">
      <Filter>PipelineDescriptions</Filter>
    </None>
    <None Include="PipelineDescriptions\LightCulling_PointLight.tech">
      <Filter>PipelineDescriptions</Filter>
    </None>
    <None Include="PipelineDescriptions\PCFShadows.blend">
      <Filter>PipelineDescriptions</Filter>
    </None>
    <None Include="PipelineDescriptions\Raster_Solid_CullBack.raster">
      <Filter>PipelineDescriptions</Filter>
    </None>
    <None Include="PipelineDescriptions\Shadow_PointLight.tech">
      <Filter>PipelineDescriptions</Filter>
    </None>
    <None Include="PipelineDescriptions\Shadow_SpotLight.tech">
      <Filter>PipelineDescriptions</Filter>
    </None>
    <None Include="PipelineDescriptions\ToneMappingPipeline.tech">
      <Filter>PipelineDescriptions</Filter>
    </None>
  </ItemGroup>
  <ItemGroup>
    <Text Include="PipelineDescriptions\AABBRenderPipeline.blend">
      <Filter>PipelineDescriptions</Filter>
    </Text>
    <Text Include="PipelineDescriptions\AABBRenderPipeline.tech">
      <Filter>PipelineDescriptions</Filter>
    </Text>
    <Text Include="PipelineDescriptions\ArmatureDebugPipeline.blend">
      <Filter>PipelineDescriptions</Filter>
    </Text>
    <Text Include="PipelineDescriptions\ArmatureDebugPipeline.tech">
      <Filter>PipelineDescriptions</Filter>
    </Text>
    <Text Include="PipelineDescriptions\DeferredShading.tech">
      <Filter>PipelineDescriptions</Filter>
    </Text>
    <Text Include="PipelineDescriptions\Depth_LE_WriteAll.depth">
      <Filter>PipelineDescriptions</Filter>
    </Text>
    <Text Include="PipelineDescriptions\Depth_None.depth">
      <Filter>PipelineDescriptions</Filter>
    </Text>
    <Text Include="PipelineDescriptions\GPassPipeline.blend">
      <Filter>PipelineDescriptions</Filter>
    </Text>
    <Text Include="PipelineDescriptions\GPassPipeline.tech">
      <Filter>PipelineDescriptions</Filter>
    </Text>
    <Text Include="PipelineDescriptions\OBBRenderPipeline.tech">
      <Filter>PipelineDescriptions</Filter>
    </Text>
    <Text Include="PipelineDescriptions\Raster_Solid.raster">
      <Filter>PipelineDescriptions</Filter>
    </Text>
    <Text Include="PipelineDescriptions\SkyboxPipeline.tech">
      <Filter>PipelineDescriptions</Filter>
    </Text>
  </ItemGroup>
  <ItemGroup>
    <Filter Include="Render">
      <UniqueIdentifier>{be26f789-feb9-4f10-905c-7b4b85f5171c}</UniqueIdentifier>
    </Filter>
    <Filter Include="Render\Frame">
      <UniqueIdentifier>{a29759f0-c378-4f2c-93d2-3861f4a05ed6}</UniqueIdentifier>
    </Filter>
    <Filter Include="Shaders">
      <UniqueIdentifier>{10f3dd25-9b17-47ce-a525-d4058b620373}</UniqueIdentifier>
    </Filter>
    <Filter Include="Scene">
      <UniqueIdentifier>{6c2c0b43-3bff-42e4-af5a-793251e4d16e}</UniqueIdentifier>
    </Filter>
    <Filter Include="Scene\Entity">
      <UniqueIdentifier>{5ea114ec-c06d-4486-afcd-ad97f0edbd59}</UniqueIdentifier>
    </Filter>
    <Filter Include="Scene\Entity\Components">
      <UniqueIdentifier>{eb63680b-bb84-43f6-9bc7-a5f6799218e2}</UniqueIdentifier>
    </Filter>
    <Filter Include="Render\Passes">
      <UniqueIdentifier>{0b597b3b-254a-4d72-9806-ac2d90a9fd5a}</UniqueIdentifier>
    </Filter>
    <Filter Include="PipelineDescriptions">
      <UniqueIdentifier>{805226ba-ce08-4e7a-a922-e866594a47c7}</UniqueIdentifier>
    </Filter>
    <Filter Include="Scene\Volumes">
      <UniqueIdentifier>{f865e6af-94b7-4fbd-93a9-b02b50e314c6}</UniqueIdentifier>
    </Filter>
    <Filter Include="Window">
      <UniqueIdentifier>{f4843a9b-d536-453f-a717-2d330db09d67}</UniqueIdentifier>
    </Filter>
    <Filter Include="Input">
      <UniqueIdentifier>{fe9d9fef-5315-4fe5-9f34-3f7291959362}</UniqueIdentifier>
    </Filter>
    <Filter Include="Events">
      <UniqueIdentifier>{11d5bdb7-c727-4dc1-9195-200dbf49c04a}</UniqueIdentifier>
    </Filter>
    <Filter Include="Helpers">
      <UniqueIdentifier>{ed2d982c-dae4-4c84-a4fb-351f8433e83d}</UniqueIdentifier>
    </Filter>
    <Filter Include="Render\Helpers">
      <UniqueIdentifier>{f98000ae-d9e5-496f-a238-ab49e86ccebb}</UniqueIdentifier>
    </Filter>
    <Filter Include="Render\SceneProcessors">
      <UniqueIdentifier>{ef11173c-8bfe-4456-977c-ffb037dcbc09}</UniqueIdentifier>
    </Filter>
  </ItemGroup>
</Project>