<?xml version="1.0" encoding="utf-8"?>
<Project ToolsVersion="4.0" xmlns="http://schemas.microsoft.com/developer/msbuild/2003">
  <ItemGroup>
    <Filter Include="Source Files">
      <UniqueIdentifier>{4FC737F1-C7A5-4376-A066-2A32D752A2FF}</UniqueIdentifier>
      <Extensions>cpp;c;cc;cxx;c++;cppm;ixx;def;odl;idl;hpj;bat;asm;asmx</Extensions>
    </Filter>
    <Filter Include="Header Files">
      <UniqueIdentifier>{93995380-89BD-4b04-88EB-625FBE52EBFB}</UniqueIdentifier>
      <Extensions>h;hh;hpp;hxx;h++;hm;inl;inc;ipp;xsd</Extensions>
    </Filter>
    <Filter Include="Resource Files">
      <UniqueIdentifier>{67DA6AB6-F800-4c08-8B7A-83BB121AAD01}</UniqueIdentifier>
      <Extensions>rc;ico;cur;bmp;dlg;rc2;rct;bin;rgs;gif;jpg;jpeg;jpe;resx;tiff;tif;png;wav;mfcribbon-ms</Extensions>
    </Filter>
  </ItemGroup>
  <ItemGroup>
    <ClCompile Include="Main.cpp">
      <Filter>Source Files</Filter>
    </ClCompile>
    <ClCompile Include="Utility\Helpers.cpp">
      <Filter>Source Files</Filter>
    </ClCompile>
    <ClCompile Include="Application.cpp">
      <Filter>Source Files</Filter>
    </ClCompile>
    <ClCompile Include="Utility\HighResolutionClock.cpp">
      <Filter>Source Files</Filter>
    </ClCompile>
    <ClCompile Include="Utility\PoissonDiskDistribution.cpp">
      <Filter>Source Files</Filter>
    </ClCompile>
    <ClCompile Include="Utility\Logger.cpp">
      <Filter>Source Files</Filter>
    </ClCompile>
    <ClCompile Include="stdafx.cpp">
      <Filter>Source Files</Filter>
    </ClCompile>
    <ClCompile Include="Scene\Camera.cpp">
      <Filter>Source Files</Filter>
    </ClCompile>
    <ClCompile Include="DXObjects\RootSignature.cpp">
      <Filter>Source Files</Filter>
    </ClCompile>
    <ClCompile Include="Render\DXRenderer.cpp">
      <Filter>Source Files</Filter>
    </ClCompile>
    <ClCompile Include="Render\Frame.cpp">
      <Filter>Source Files</Filter>
    </ClCompile>
    <ClCompile Include="Render\TaskGPU.cpp">
      <Filter>Source Files</Filter>
    </ClCompile>
    <ClCompile Include="Render\Executor.cpp">
      <Filter>Source Files</Filter>
    </ClCompile>
    <ClCompile Include="Render\AllocatorPool.cpp">
      <Filter>Source Files</Filter>
    </ClCompile>
    <ClCompile Include="DXObjects\Fence.cpp">
      <Filter>Source Files</Filter>
    </ClCompile>
    <ClCompile Include="Render\FencePool.cpp">
      <Filter>Source Files</Filter>
    </ClCompile>
    <ClCompile Include="DXObjects\Resource.cpp">
      <Filter>Source Files</Filter>
    </ClCompile>
    <ClCompile Include="DXObjects\ResourceDescription.cpp">
      <Filter>Source Files</Filter>
    </ClCompile>
    <ClCompile Include="Scene\Scene.cpp">
      <Filter>Source Files</Filter>
    </ClCompile>
    <ClCompile Include="Scene\SceneNode.cpp">
      <Filter>Source Files</Filter>
    </ClCompile>
    <ClCompile Include="Scene\Mesh.cpp">
      <Filter>Source Files</Filter>
    </ClCompile>
    <ClCompile Include="Scene\ISceneNode.cpp">
      <Filter>Source Files</Filter>
    </ClCompile>
    <ClCompile Include="Scene\Volumes\FrustumVolume.cpp">
      <Filter>Source Files</Filter>
    </ClCompile>
    <ClCompile Include="DXObjects\SwapChain.cpp">
      <Filter>Source Files</Filter>
    </ClCompile>
    <ClCompile Include="DXObjects\Device.cpp">
      <Filter>Source Files</Filter>
    </ClCompile>
    <ClCompile Include="DXObjects\DescriptorHeap.cpp">
      <Filter>Source Files</Filter>
    </ClCompile>
    <ClCompile Include="DXObjects\DescriptorHeapDescription.cpp">
      <Filter>Source Files</Filter>
    </ClCompile>
    <ClCompile Include="DXObjects\Heap.cpp">
      <Filter>Source Files</Filter>
    </ClCompile>
    <ClCompile Include="DXObjects\HeapDescription.cpp">
      <Filter>Source Files</Filter>
    </ClCompile>
    <ClCompile Include="Input\InputDevice.cpp">
      <Filter>Source Files</Filter>
    </ClCompile>
    <ClCompile Include="Window\Win32Window.cpp">
      <Filter>Source Files</Filter>
    </ClCompile>
    <ClCompile Include="DXObjects\GraphicsCommandList.cpp">
      <Filter>Source Files</Filter>
    </ClCompile>
    <ClCompile Include="Scene\Viewport.cpp">
      <Filter>Source Files</Filter>
    </ClCompile>
    <ClCompile Include="DXObjects\Texture.cpp">
      <Filter>Source Files</Filter>
    </ClCompile>
    <ClCompile Include="DXObjects\GraphicsCommandList.cpp">
      <Filter>Source Files</Filter>
    </ClCompile>
  </ItemGroup>
  <ItemGroup>
    <ClInclude Include="Utility\Helpers.h">
      <Filter>Header Files</Filter>
    </ClInclude>
    <ClInclude Include="Application.h">
      <Filter>Header Files</Filter>
    </ClInclude>
    <ClInclude Include="Events\KeyEvent.h">
      <Filter>Header Files</Filter>
    </ClInclude>
    <ClInclude Include="Events\MouseButtonEvent.h">
      <Filter>Header Files</Filter>
    </ClInclude>
    <ClInclude Include="Events\MouseMoveEvent.h">
      <Filter>Header Files</Filter>
    </ClInclude>
    <ClInclude Include="Events\MouseScrollEvent.h">
      <Filter>Header Files</Filter>
    </ClInclude>
    <ClInclude Include="Events\RenderEvent.h">
      <Filter>Header Files</Filter>
    </ClInclude>
    <ClInclude Include="Events\ResizeEvent.h">
      <Filter>Header Files</Filter>
    </ClInclude>
    <ClInclude Include="Events\UpdateEvent.h">
      <Filter>Header Files</Filter>
    </ClInclude>
    <ClInclude Include="Utility\HighResolutionClock.h">
      <Filter>Header Files</Filter>
    </ClInclude>
    <ClInclude Include="Utility\PoissonDiskDistribution.h">
      <Filter>Header Files</Filter>
    </ClInclude>
    <ClInclude Include="Utility\Logger.h">
      <Filter>Header Files</Filter>
    </ClInclude>
    <ClInclude Include="stdafx.h">
      <Filter>Header Files</Filter>
    </ClInclude>
    <ClInclude Include="Scene\Camera.h">
      <Filter>Header Files</Filter>
    </ClInclude>
    <ClInclude Include="DXObjects\RootSignature.h">
      <Filter>Header Files</Filter>
    </ClInclude>
    <ClInclude Include="Render\DXRenderer.h">
      <Filter>Header Files</Filter>
    </ClInclude>
    <ClInclude Include="Utility\Defines.h">
      <Filter>Header Files</Filter>
    </ClInclude>
    <ClInclude Include="Render\Frame.h">
      <Filter>Header Files</Filter>
    </ClInclude>
    <ClInclude Include="Render\TaskGPU.h">
      <Filter>Header Files</Filter>
    </ClInclude>
    <ClInclude Include="Render\Executor.h">
      <Filter>Header Files</Filter>
    </ClInclude>
    <ClInclude Include="Render\AllocatorPool.h">
      <Filter>Header Files</Filter>
    </ClInclude>
    <ClInclude Include="DXObjects\Fence.h">
      <Filter>Header Files</Filter>
    </ClInclude>
    <ClInclude Include="Render\FencePool.h">
      <Filter>Header Files</Filter>
    </ClInclude>
    <ClInclude Include="DXObjects\Resource.h">
      <Filter>Header Files</Filter>
    </ClInclude>
    <ClInclude Include="DXObjects\ResourceDescription.h">
      <Filter>Header Files</Filter>
    </ClInclude>
    <ClInclude Include="Scene\Scene.h">
      <Filter>Header Files</Filter>
    </ClInclude>
    <ClInclude Include="Scene\SceneNode.h">
      <Filter>Header Files</Filter>
    </ClInclude>
    <ClInclude Include="Scene\Mesh.h">
      <Filter>Header Files</Filter>
    </ClInclude>
    <ClInclude Include="Scene\ISceneNode.h">
      <Filter>Header Files</Filter>
    </ClInclude>
    <ClInclude Include="Scene\Volumes\IVolume.h">
      <Filter>Header Files</Filter>
    </ClInclude>
    <ClInclude Include="Scene\Volumes\AABBVolume.h">
      <Filter>Header Files</Filter>
    </ClInclude>
    <ClInclude Include="Scene\Volumes\FrustumVolume.h">
      <Filter>Header Files</Filter>
    </ClInclude>
    <ClInclude Include="DXObjects\SwapChain.h">
      <Filter>Header Files</Filter>
    </ClInclude>
    <ClInclude Include="DXObjects\Device.h">
      <Filter>Header Files</Filter>
    </ClInclude>
    <ClInclude Include="DXObjects\DescriptorHeap.h">
      <Filter>Header Files</Filter>
    </ClInclude>
    <ClInclude Include="DXObjects\DescriptorHeapDescription.h">
      <Filter>Header Files</Filter>
    </ClInclude>
    <ClInclude Include="DXObjects\Heap.h">
      <Filter>Header Files</Filter>
    </ClInclude>
    <ClInclude Include="DXObjects\HeapDescription.h">
      <Filter>Header Files</Filter>
    </ClInclude>
    <ClInclude Include="Input\InputDevice.h">
      <Filter>Header Files</Filter>
    </ClInclude>
    <ClInclude Include="Events\IEvent.h">
      <Filter>Header Files</Filter>
    </ClInclude>
    <ClInclude Include="Window\Win32Window.h">
      <Filter>Header Files</Filter>
    </ClInclude>
    <ClInclude Include="Window\IWindowEventListener.h">
      <Filter>Header Files</Filter>
    </ClInclude>
    <ClInclude Include="DXObjects\GraphicsCommandList.h">
      <Filter>Header Files</Filter>
    </ClInclude>
    <ClInclude Include="Scene\Viewport.h">
      <Filter>Header Files</Filter>
    </ClInclude>
    <ClInclude Include="DXObjects\Texture.h">
      <Filter>Header Files</Filter>
    </ClInclude>
    <ClInclude Include="Utility\KeyCodes.h">
      <Filter>Header Files</Filter>
    </ClInclude>
    <ClInclude Include="Utility\DirectInputKeyCodes.h">
      <Filter>Header Files</Filter>
    </ClInclude>
    <ClInclude Include="Utility\Resources.h">
      <Filter>Header Files</Filter>
    </ClInclude>
    <ClInclude Include="resource1.h">
      <Filter>Header Files</Filter>
    </ClInclude>
    <ClInclude Include="DXObjects\GraphicsCommandList.h">
      <Filter>Header Files</Filter>
    </ClInclude>
  </ItemGroup>
  <ItemGroup>
    <FxCompile Include="Shaders\TrianglePixelShader.hlsl" />
    <FxCompile Include="Shaders\TriangleVertexShader.hlsl" />
    <FxCompile Include="Shaders\Compute.hlsl" />
    <FxCompile Include="Shaders\AABB_vs.hlsl" />
    <FxCompile Include="Shaders\AABB_gs.hlsl" />
    <FxCompile Include="Shaders\AABB_ps.hlsl" />
  </ItemGroup>
  <ItemGroup>
    <None Include="Resources\TriangleRenderPipeline.blend" />
    <None Include="Resources\TriangleRenderPipeline.depth" />
    <None Include="Resources\TriangleRenderPipeline.raster" />
    <None Include="Resources\TriangleRenderPipeline.tech" />
    <None Include="Resources\AABBRenderPipeline.tech" />
  </ItemGroup>
  <ItemGroup>
    <ResourceCompile Include="Resource.rc">
      <Filter>Resource Files</Filter>
    </ResourceCompile>
  </ItemGroup>
  <ItemGroup>
    <Image Include="..\x64\Debug\dxapp.ico">
      <Filter>Resource Files</Filter>
    </Image>
    <Image Include="icon1.ico">
      <Filter>Resource Files</Filter>
    </Image>
    <Image Include="Resources\dxapp.ico">
      <Filter>Resource Files</Filter>
    </Image>
  </ItemGroup>
</Project>