<?xml version="1.0" encoding="utf-8"?>
<Project ToolsVersion="4.0" xmlns="http://schemas.microsoft.com/developer/msbuild/2003">
  <ItemGroup>
    <FxCompile Include="Shaders\DebugDraw\AABB_gs.hlsl">
      <Filter>Shaders\DebugDraw</Filter>
    </FxCompile>
    <FxCompile Include="Shaders\DebugDraw\AABB_ps.hlsl">
      <Filter>Shaders\DebugDraw</Filter>
    </FxCompile>
    <FxCompile Include="Shaders\DebugDraw\AABB_vs.hlsl">
      <Filter>Shaders\DebugDraw</Filter>
    </FxCompile>
    <FxCompile Include="Shaders\DebugDraw\Cone_gs.hlsl">
      <Filter>Shaders\DebugDraw</Filter>
    </FxCompile>
    <FxCompile Include="Shaders\DebugDraw\Cone_ps.hlsl">
      <Filter>Shaders\DebugDraw</Filter>
    </FxCompile>
    <FxCompile Include="Shaders\DebugDraw\Cone_vs.hlsl">
      <Filter>Shaders\DebugDraw</Filter>
    </FxCompile>
    <FxCompile Include="Shaders\DebugDraw\Armature_vs.hlsl">
      <Filter>Shaders\DebugDraw</Filter>
    </FxCompile>
    <FxCompile Include="Shaders\DebugDraw\Armature_ps.hlsl">
      <Filter>Shaders\DebugDraw</Filter>
    </FxCompile>
    <FxCompile Include="Shaders\DebugDraw\Armature_gs.hlsl">
      <Filter>Shaders\DebugDraw</Filter>
    </FxCompile>
    <FxCompile Include="Shaders\DebugDraw\Sphere_vs.hlsl">
      <Filter>Shaders\DebugDraw</Filter>
    </FxCompile>
    <FxCompile Include="Shaders\DebugDraw\Sphere_ps.hlsl">
      <Filter>Shaders\DebugDraw</Filter>
    </FxCompile>
    <FxCompile Include="Shaders\DebugDraw\Sphere_gs.hlsl">
      <Filter>Shaders\DebugDraw</Filter>
    </FxCompile>
    <FxCompile Include="Shaders\AmbientOcclusion\SSAOCompute_cs.hlsl">
      <Filter>Shaders\AmbientOcclusion</Filter>
    </FxCompile>
    <FxCompile Include="Shaders\AmbientOcclusion\SSAOApply_cs.hlsl">
      <Filter>Shaders\AmbientOcclusion</Filter>
    </FxCompile>
    <FxCompile Include="Shaders\AmbientOcclusion\SSAOBlurHorizontal_cs.hlsl">
      <Filter>Shaders\AmbientOcclusion</Filter>
    </FxCompile>
    <FxCompile Include="Shaders\AmbientOcclusion\SSAOBlurVertical_cs.hlsl">
      <Filter>Shaders\AmbientOcclusion</Filter>
    </FxCompile>
    <FxCompile Include="Shaders\GeometryPass\GPass_vs.hlsl">
      <Filter>Shaders\GeometryPass</Filter>
    </FxCompile>
    <FxCompile Include="Shaders\GeometryPass\GPass_ps.hlsl">
      <Filter>Shaders\GeometryPass</Filter>
    </FxCompile>
    <FxCompile Include="Shaders\AntiAliasing\FXAA_Pass1_cs.hlsl">
      <Filter>Shaders\AntiAliasing</Filter>
    </FxCompile>
    <FxCompile Include="Shaders\AntiAliasing\FXAA_Pass2_cs.hlsli">
      <Filter>Shaders\AntiAliasing</Filter>
    </FxCompile>
    <FxCompile Include="Shaders\AntiAliasing\FXAA_Pass2H_cs.hlsl">
      <Filter>Shaders\AntiAliasing</Filter>
    </FxCompile>
    <FxCompile Include="Shaders\AntiAliasing\FXAA_Pass2H_Debug_cs.hlsl">
      <Filter>Shaders\AntiAliasing</Filter>
    </FxCompile>
    <FxCompile Include="Shaders\AntiAliasing\FXAA_Pass2V_cs.hlsl">
      <Filter>Shaders\AntiAliasing</Filter>
    </FxCompile>
    <FxCompile Include="Shaders\AntiAliasing\FXAA_Pass2V_Debug_cs.hlsl">
      <Filter>Shaders\AntiAliasing</Filter>
    </FxCompile>
    <FxCompile Include="Shaders\AntiAliasing\FXAA_Resolve_cs.hlsl">
      <Filter>Shaders\AntiAliasing</Filter>
    </FxCompile>
    <FxCompile Include="Shaders\IBL\IBL_DiffuseIrradianceConvolution_cs.hlsl">
      <Filter>Shaders\IBL</Filter>
    </FxCompile>
    <FxCompile Include="Shaders\IBL\IBL_EquirectangularToCubemap_cs.hlsl">
      <Filter>Shaders\IBL</Filter>
    </FxCompile>
    <FxCompile Include="Shaders\IBL\IBL_GenerateBRDFEnvironmentLUT_cs.hlsl">
      <Filter>Shaders\IBL</Filter>
    </FxCompile>
    <FxCompile Include="Shaders\IBL\IBL_PreFilterEnvironmentMap_cs.hlsl">
      <Filter>Shaders\IBL</Filter>
    </FxCompile>
    <FxCompile Include="Shaders\HDR\ToneMapping.hlsl">
      <Filter>Shaders\HDR</Filter>
    </FxCompile>
    <FxCompile Include="Shaders\HDR\AverageLuminance.hlsl">
      <Filter>Shaders\HDR</Filter>
    </FxCompile>
    <FxCompile Include="Shaders\HDR\BuildLuminanceHistogram.hlsl">
      <Filter>Shaders\HDR</Filter>
    </FxCompile>
    <FxCompile Include="Shaders\Shadows\LightCulling_PointLight.hlsl">
      <Filter>Shaders\Shadows</Filter>
    </FxCompile>
    <FxCompile Include="Shaders\Shadows\ShadowMapping_PointLight_gs.hlsl">
      <Filter>Shaders\Shadows</Filter>
    </FxCompile>
    <FxCompile Include="Shaders\Shadows\ShadowMapping_PointLight_vs.hlsl">
      <Filter>Shaders\Shadows</Filter>
    </FxCompile>
    <FxCompile Include="Shaders\Shadows\ShadowMapping_SpotLight_vs.hlsl">
      <Filter>Shaders\Shadows</Filter>
    </FxCompile>
    <FxCompile Include="Shaders\Skybox\Skybox_cs.hlsl">
      <Filter>Shaders\Skybox</Filter>
    </FxCompile>
    <FxCompile Include="Shaders\_deprecated\NegativePostFX_cs.hlsl">
      <Filter>Shaders\_deprecated</Filter>
    </FxCompile>
    <FxCompile Include="Shaders\_deprecated\PostFX_cs.hlsl">
      <Filter>Shaders\_deprecated</Filter>
    </FxCompile>
    <FxCompile Include="Shaders\_deprecated\SwirlPostFX_cs.hlsl">
      <Filter>Shaders\_deprecated</Filter>
    </FxCompile>
    <FxCompile Include="Shaders\DeferredShading\AmbientLighting_cs.hlsl">
      <Filter>Shaders\DeferredShading</Filter>
    </FxCompile>
    <FxCompile Include="Shaders\DeferredShading\AmbientLighting_IBL_cs.hlsl">
      <Filter>Shaders\DeferredShading</Filter>
    </FxCompile>
    <FxCompile Include="Shaders\DeferredShading\DeferredShading_cs.hlsl">
      <Filter>Shaders\DeferredShading</Filter>
    </FxCompile>
    <FxCompile Include="Shaders\Bloom\BrightnessFilter_cs.hlsl" />
    <FxCompile Include="Shaders\Bloom\BloomDownsample_cs.hlsl" />
    <FxCompile Include="Shaders\Bloom\BloomUpsample_cs.hlsl" />
    <FxCompile Include="Shaders\Bloom\BloomApply_cs.hlsl" />
    <FxCompile Include="Shaders\Bloom\BloomDownsample_Pass1_cs.hlsl" />
  </ItemGroup>
  <ItemGroup>
    <ClCompile Include="RendererPCH.cpp" />
    <ClCompile Include="Render\Passes\GeometryPass.cpp">
      <Filter>Render\Passes</Filter>
    </ClCompile>
    <ClCompile Include="Render\Passes\LightingPass.cpp">
      <Filter>Render\Passes</Filter>
    </ClCompile>
    <ClCompile Include="Render\Passes\SkyboxPass.cpp">
      <Filter>Render\Passes</Filter>
    </ClCompile>
    <ClCompile Include="Render\Frame\AllocatorPool.cpp">
      <Filter>Render\Frame</Filter>
    </ClCompile>
    <ClCompile Include="Render\Frame\Executor.cpp">
      <Filter>Render\Frame</Filter>
    </ClCompile>
    <ClCompile Include="Render\Frame\FencePool.cpp">
      <Filter>Render\Frame</Filter>
    </ClCompile>
    <ClCompile Include="Render\Frame\Frame.cpp">
      <Filter>Render\Frame</Filter>
    </ClCompile>
    <ClCompile Include="Scene\Volumes\AABBVolume.cpp">
      <Filter>Scene\Volumes</Filter>
    </ClCompile>
    <ClCompile Include="Scene\Volumes\FrustumVolume.cpp">
      <Filter>Scene\Volumes</Filter>
    </ClCompile>
    <ClCompile Include="Scene\Entity\Components\Animation.cpp">
      <Filter>Scene\Entity\Components</Filter>
    </ClCompile>
    <ClCompile Include="Scene\Entity\Components\Armature.cpp">
      <Filter>Scene\Entity\Components</Filter>
    </ClCompile>
    <ClCompile Include="Scene\Entity\Components\Camera.cpp">
      <Filter>Scene\Entity\Components</Filter>
    </ClCompile>
    <ClCompile Include="Scene\Entity\Components\IComponent.cpp">
      <Filter>Scene\Entity\Components</Filter>
    </ClCompile>
    <ClCompile Include="Scene\Entity\Components\Light.cpp">
      <Filter>Scene\Entity\Components</Filter>
    </ClCompile>
    <ClCompile Include="Scene\Entity\Components\Material.cpp">
      <Filter>Scene\Entity\Components</Filter>
    </ClCompile>
    <ClCompile Include="Scene\Entity\Components\Mesh.cpp">
      <Filter>Scene\Entity\Components</Filter>
    </ClCompile>
    <ClCompile Include="Scene\Entity\Components\Skybox.cpp">
      <Filter>Scene\Entity\Components</Filter>
    </ClCompile>
    <ClCompile Include="Scene\Entity\Components\Transformation.cpp">
      <Filter>Scene\Entity\Components</Filter>
    </ClCompile>
    <ClCompile Include="Scene\Volumes\OBBVolume.cpp">
      <Filter>Scene\Volumes</Filter>
    </ClCompile>
    <ClCompile Include="Scene\Entity\Entity.cpp">
      <Filter>Scene\Entity</Filter>
    </ClCompile>
    <ClCompile Include="Scene\Scene.cpp">
      <Filter>Scene</Filter>
    </ClCompile>
    <ClCompile Include="Window\Win32Window.cpp">
      <Filter>Window</Filter>
    </ClCompile>
    <ClCompile Include="Core\RenderSettings.cpp">
      <Filter>Render</Filter>
    </ClCompile>
    <ClCompile Include="Input\InputDevice.cpp">
      <Filter>Input</Filter>
    </ClCompile>
    <ClCompile Include="Render\Helpers\DrawHelpers.cpp">
      <Filter>Render\Helpers</Filter>
    </ClCompile>
    <ClCompile Include="Render\Helpers\GPUStructs.cpp">
      <Filter>Render\Helpers</Filter>
    </ClCompile>
    <ClCompile Include="Utility\HighResolutionClock.cpp">
      <Filter>Helpers</Filter>
    </ClCompile>
    <ClCompile Include="Utility\Helpers.cpp">
      <Filter>Helpers</Filter>
    </ClCompile>
    <ClCompile Include="Utility\DebugInfo.cpp">
      <Filter>Helpers</Filter>
    </ClCompile>
    <ClCompile Include="Utility\PoissonDiskDistribution.cpp">
      <Filter>Helpers</Filter>
    </ClCompile>
    <ClCompile Include="Render\Frame\TaskGPU.cpp">
      <Filter>Render\Frame</Filter>
    </ClCompile>
    <ClCompile Include="Render\Frame\CacheGPU.cpp">
      <Filter>Render\Frame</Filter>
    </ClCompile>
    <ClCompile Include="Core\DXRenderer.cpp">
      <Filter>Core</Filter>
    </ClCompile>
    <ClCompile Include="Core\DescriptorHeapManager.cpp">
      <Filter>Core</Filter>
    </ClCompile>
    <ClCompile Include="Core\GeometryCacheManager.cpp">
      <Filter>Core</Filter>
    </ClCompile>
    <ClCompile Include="Render\Passes\AmbientLightingPass.cpp">
      <Filter>Render\Passes</Filter>
    </ClCompile>
    <ClCompile Include="Core\ResourceTable.cpp">
      <Filter>Core</Filter>
    </ClCompile>
    <ClCompile Include="Core\TextureManager.cpp">
      <Filter>Core</Filter>
    </ClCompile>
    <ClCompile Include="Render\Passes\Shadows\ShadowCullPass.cpp">
      <Filter>Render\Passes\Shadows</Filter>
    </ClCompile>
    <ClCompile Include="Render\Passes\Shadows\ShadowDrawPass.cpp">
      <Filter>Render\Passes\Shadows</Filter>
    </ClCompile>
    <ClCompile Include="Render\Passes\PFX\AntiAliasing\FXAAPass.cpp">
      <Filter>Render\Passes\PFX\AntiAliasing</Filter>
    </ClCompile>
    <ClCompile Include="Render\Passes\PFX\AmbientOcclusion\SSAOApplyPass.cpp">
      <Filter>Render\Passes\PFX\AmbientOcclusion</Filter>
    </ClCompile>
    <ClCompile Include="Render\Passes\PFX\AmbientOcclusion\SSAOBlurPass.cpp">
      <Filter>Render\Passes\PFX\AmbientOcclusion</Filter>
    </ClCompile>
    <ClCompile Include="Render\Passes\PFX\AmbientOcclusion\SSAOComputePass.cpp">
      <Filter>Render\Passes\PFX\AmbientOcclusion</Filter>
    </ClCompile>
    <ClCompile Include="Render\Passes\PFX\ToneMapping\LuminanceHistogramPass.cpp">
      <Filter>Render\Passes\PFX\ToneMapping</Filter>
    </ClCompile>
    <ClCompile Include="Render\Passes\PFX\ToneMapping\ToneMappingPass.cpp">
      <Filter>Render\Passes\PFX\ToneMapping</Filter>
    </ClCompile>
    <ClCompile Include="Render\Passes\Debug\DebugArmaturePass.cpp">
      <Filter>Render\Passes\Debug</Filter>
    </ClCompile>
    <ClCompile Include="Render\Passes\Debug\DebugBoundingVolumePass.cpp">
      <Filter>Render\Passes\Debug</Filter>
    </ClCompile>
    <ClCompile Include="Scene\SceneLoader.cpp">
      <Filter>Scene</Filter>
    </ClCompile>
    <ClCompile Include="Render\Passes\PFX\Bloom\BrightnessFilterPass.cpp" />
    <ClCompile Include="Render\Passes\PFX\Bloom\BloomDownsamplePass.cpp" />
    <ClCompile Include="Render\Passes\PFX\Bloom\BloomUpsamplePass.cpp" />
    <ClCompile Include="Render\Passes\PFX\Bloom\BloomApplyPass.cpp" />
    <ClCompile Include="Render\Passes\PFX\ToneMapping\AverageLuminancePass.cpp" />
    <ClCompile Include="Render\Passes\PresentPass.cpp" />
  </ItemGroup>
  <ItemGroup>
    <ClInclude Include="RendererPCH.h" />
    <ClInclude Include="Render\Passes\GeometryPass.h">
      <Filter>Render\Passes</Filter>
    </ClInclude>
    <ClInclude Include="Render\Passes\LightingPass.h">
      <Filter>Render\Passes</Filter>
    </ClInclude>
    <ClInclude Include="Render\Passes\SkyboxPass.h">
      <Filter>Render\Passes</Filter>
    </ClInclude>
    <ClInclude Include="Render\Frame\AllocatorPool.h">
      <Filter>Render\Frame</Filter>
    </ClInclude>
    <ClInclude Include="Render\Frame\Executor.h">
      <Filter>Render\Frame</Filter>
    </ClInclude>
    <ClInclude Include="Render\Frame\FencePool.h">
      <Filter>Render\Frame</Filter>
    </ClInclude>
    <ClInclude Include="Render\Frame\Frame.h">
      <Filter>Render\Frame</Filter>
    </ClInclude>
    <ClInclude Include="Scene\Volumes\AABBVolume.h">
      <Filter>Scene\Volumes</Filter>
    </ClInclude>
    <ClInclude Include="Scene\Volumes\CapsuleVolume.h">
      <Filter>Scene\Volumes</Filter>
    </ClInclude>
    <ClInclude Include="Scene\Volumes\FrustumVolume.h">
      <Filter>Scene\Volumes</Filter>
    </ClInclude>
    <ClInclude Include="Scene\Volumes\IVolume.h">
      <Filter>Scene\Volumes</Filter>
    </ClInclude>
    <ClInclude Include="Scene\Entity\Components\Animation.h">
      <Filter>Scene\Entity\Components</Filter>
    </ClInclude>
    <ClInclude Include="Scene\Entity\Components\Armature.h">
      <Filter>Scene\Entity\Components</Filter>
    </ClInclude>
    <ClInclude Include="Scene\Entity\Components\Camera.h">
      <Filter>Scene\Entity\Components</Filter>
    </ClInclude>
    <ClInclude Include="Scene\Entity\Components\IComponent.h">
      <Filter>Scene\Entity\Components</Filter>
    </ClInclude>
    <ClInclude Include="Scene\Entity\Components\Light.h">
      <Filter>Scene\Entity\Components</Filter>
    </ClInclude>
    <ClInclude Include="Scene\Entity\Components\Material.h">
      <Filter>Scene\Entity\Components</Filter>
    </ClInclude>
    <ClInclude Include="Scene\Entity\Components\Mesh.h">
      <Filter>Scene\Entity\Components</Filter>
    </ClInclude>
    <ClInclude Include="Scene\Entity\Components\Skybox.h">
      <Filter>Scene\Entity\Components</Filter>
    </ClInclude>
    <ClInclude Include="Scene\Entity\Components\Transformation.h">
      <Filter>Scene\Entity\Components</Filter>
    </ClInclude>
    <ClInclude Include="Scene\Volumes\OBBVolume.h">
      <Filter>Scene\Volumes</Filter>
    </ClInclude>
    <ClInclude Include="Scene\Entity\Entity.h">
      <Filter>Scene\Entity</Filter>
    </ClInclude>
    <ClInclude Include="Scene\Scene.h">
      <Filter>Scene</Filter>
    </ClInclude>
    <ClInclude Include="Window\IWindowEventListener.h">
      <Filter>Window</Filter>
    </ClInclude>
    <ClInclude Include="Window\Win32Window.h">
      <Filter>Window</Filter>
    </ClInclude>
    <ClInclude Include="Core\RenderSettings.h">
      <Filter>Render</Filter>
    </ClInclude>
    <ClInclude Include="Events\KeyEvent.h">
      <Filter>Events</Filter>
    </ClInclude>
    <ClInclude Include="Events\IEvent.h">
      <Filter>Events</Filter>
    </ClInclude>
    <ClInclude Include="Events\MouseButtonEvent.h">
      <Filter>Events</Filter>
    </ClInclude>
    <ClInclude Include="Events\MouseMoveEvent.h">
      <Filter>Events</Filter>
    </ClInclude>
    <ClInclude Include="Events\MouseScrollEvent.h">
      <Filter>Events</Filter>
    </ClInclude>
    <ClInclude Include="Events\ResizeEvent.h">
      <Filter>Events</Filter>
    </ClInclude>
    <ClInclude Include="Events\UpdateEvent.h">
      <Filter>Events</Filter>
    </ClInclude>
    <ClInclude Include="Input\DirectInputKeyCodes.h">
      <Filter>Input</Filter>
    </ClInclude>
    <ClInclude Include="Input\InputDevice.h">
      <Filter>Input</Filter>
    </ClInclude>
    <ClInclude Include="Render\Helpers\GPUStructs.h">
      <Filter>Render\Helpers</Filter>
    </ClInclude>
    <ClInclude Include="Render\Helpers\DrawHelpers.h">
      <Filter>Render\Helpers</Filter>
    </ClInclude>
    <ClInclude Include="Utility\HighResolutionClock.h">
      <Filter>Helpers</Filter>
    </ClInclude>
    <ClInclude Include="Utility\Helpers.h">
      <Filter>Helpers</Filter>
    </ClInclude>
    <ClInclude Include="Utility\Defines.h">
      <Filter>Helpers</Filter>
    </ClInclude>
    <ClInclude Include="Utility\DebugInfo.h">
      <Filter>Helpers</Filter>
    </ClInclude>
    <ClInclude Include="Utility\PoissonDiskDistribution.h">
      <Filter>Helpers</Filter>
    </ClInclude>
    <ClInclude Include="Render\Frame\TaskGPU.h">
      <Filter>Render\Frame</Filter>
    </ClInclude>
    <ClInclude Include="Render\Frame\CacheGPU.h">
      <Filter>Render\Frame</Filter>
    </ClInclude>
    <ClInclude Include="Events\RenderEvent.h">
      <Filter>Events</Filter>
    </ClInclude>
    <ClInclude Include="Core\DXRenderer.h">
      <Filter>Core</Filter>
    </ClInclude>
    <ClInclude Include="Core\DescriptorHeapManager.h">
      <Filter>Core</Filter>
    </ClInclude>
    <ClInclude Include="Core\GeometryCacheManager.h">
      <Filter>Core</Filter>
    </ClInclude>
    <ClInclude Include="Render\Passes\AmbientLightingPass.h">
      <Filter>Render\Passes</Filter>
    </ClInclude>
    <ClInclude Include="Core\ResourceTable.h">
      <Filter>Core</Filter>
    </ClInclude>
    <ClInclude Include="Core\TextureManager.h">
      <Filter>Core</Filter>
    </ClInclude>
    <ClInclude Include="Render\Passes\Shadows\ShadowDrawPass.h">
      <Filter>Render\Passes\Shadows</Filter>
    </ClInclude>
    <ClInclude Include="Render\Passes\Shadows\ShadowCullPass.h">
      <Filter>Render\Passes\Shadows</Filter>
    </ClInclude>
    <ClInclude Include="Render\Passes\PFX\AntiAliasing\FXAAPass.h">
      <Filter>Render\Passes\PFX\AntiAliasing</Filter>
    </ClInclude>
    <ClInclude Include="Render\Passes\PFX\AmbientOcclusion\SSAOApplyPass.h">
      <Filter>Render\Passes\PFX\AmbientOcclusion</Filter>
    </ClInclude>
    <ClInclude Include="Render\Passes\PFX\AmbientOcclusion\SSAOBlurPass.h">
      <Filter>Render\Passes\PFX\AmbientOcclusion</Filter>
    </ClInclude>
    <ClInclude Include="Render\Passes\PFX\AmbientOcclusion\SSAOComputePass.h">
      <Filter>Render\Passes\PFX\AmbientOcclusion</Filter>
    </ClInclude>
    <ClInclude Include="Render\Passes\PFX\ToneMapping\LuminanceHistogramPass.h">
      <Filter>Render\Passes\PFX\ToneMapping</Filter>
    </ClInclude>
    <ClInclude Include="Render\Passes\PFX\ToneMapping\ToneMappingPass.h">
      <Filter>Render\Passes\PFX\ToneMapping</Filter>
    </ClInclude>
    <ClInclude Include="Render\Passes\Debug\DebugArmaturePass.h">
      <Filter>Render\Passes\Debug</Filter>
    </ClInclude>
    <ClInclude Include="Render\Passes\Debug\DebugBoundingVolumePass.h">
      <Filter>Render\Passes\Debug</Filter>
    </ClInclude>
    <ClInclude Include="Scene\SceneLoader.h">
      <Filter>Scene</Filter>
    </ClInclude>
    <ClInclude Include="Render\Passes\PFX\Bloom\BrightnessFilterPass.h" />
    <ClInclude Include="Render\Passes\PFX\Bloom\BloomDownsamplePass.h" />
    <ClInclude Include="Render\Passes\PFX\Bloom\BloomUpsamplePass.h" />
    <ClInclude Include="Render\Passes\PFX\Bloom\BloomApplyPass.h" />
    <ClInclude Include="Render\Passes\PFX\ToneMapping\AverageLuminancePass.h" />
    <ClInclude Include="Render\Passes\PresentPass.h" />
  </ItemGroup>
  <ItemGroup>
    <None Include="Shaders\CommonResources.hlsli">
      <Filter>Shaders</Filter>
    </None>
    <None Include="Shaders\DepthFuncs.hlsli">
      <Filter>Shaders</Filter>
    </None>
    <None Include="Shaders\LightingCommon.hlsli">
      <Filter>Shaders</Filter>
    </None>
    <None Include="Shaders\PBR.hlsli">
      <Filter>Shaders</Filter>
    </None>
    <None Include="Shaders\PixelPacking.hlsli">
      <Filter>Shaders</Filter>
    </None>
    <None Include="PipelineDescriptions\AverageLuminancePipeline.tech">
      <Filter>PipelineDescriptions</Filter>
    </None>
    <None Include="PipelineDescriptions\BuildLuminanceHistogramPipeline.tech">
      <Filter>PipelineDescriptions</Filter>
    </None>
    <None Include="PipelineDescriptions\DebugConePipeline.tech">
      <Filter>PipelineDescriptions</Filter>
    </None>
    <None Include="PipelineDescriptions\DebugSpherePipeline.tech">
      <Filter>PipelineDescriptions</Filter>
    </None>
    <None Include="PipelineDescriptions\FXAA_Pass2H_Debug.tech">
      <Filter>PipelineDescriptions</Filter>
    </None>
    <None Include="PipelineDescriptions\FXAA_Pass2H.tech">
      <Filter>PipelineDescriptions</Filter>
    </None>
    <None Include="PipelineDescriptions\FXAA_Pass1.tech">
      <Filter>PipelineDescriptions</Filter>
    </None>
    <None Include="PipelineDescriptions\FXAA_Pass2V.tech">
      <Filter>PipelineDescriptions</Filter>
    </None>
    <None Include="PipelineDescriptions\FXAA_Pass2V_Debug.tech">
      <Filter>PipelineDescriptions</Filter>
    </None>
    <None Include="PipelineDescriptions\FXAA_ResolveWork.tech">
      <Filter>PipelineDescriptions</Filter>
    </None>
    <None Include="PipelineDescriptions\LightCulling_PointLight.tech">
      <Filter>PipelineDescriptions</Filter>
    </None>
    <None Include="PipelineDescriptions\PCFShadows.blend">
      <Filter>PipelineDescriptions</Filter>
    </None>
    <None Include="PipelineDescriptions\Raster_Solid_CullBack.raster">
      <Filter>PipelineDescriptions</Filter>
    </None>
    <None Include="PipelineDescriptions\Shadow_PointLight.tech">
      <Filter>PipelineDescriptions</Filter>
    </None>
    <None Include="PipelineDescriptions\Shadow_SpotLight.tech">
      <Filter>PipelineDescriptions</Filter>
    </None>
    <None Include="PipelineDescriptions\ToneMappingPipeline.tech">
      <Filter>PipelineDescriptions</Filter>
    </None>
    <None Include="Shaders\CommonConstants.hlsli">
      <Filter>Shaders</Filter>
    </None>
    <None Include="Shaders\CommonFunctions.hlsli">
      <Filter>Shaders</Filter>
    </None>
    <None Include="Shaders\UnifiedRootSignature.hlsli">
      <Filter>Shaders</Filter>
    </None>
    <None Include="PipelineDescriptions\IBL_BRDFGenerateLUT.tech">
      <Filter>PipelineDescriptions</Filter>
    </None>
    <None Include="PipelineDescriptions\IBL_PreFilterEnvMap.tech">
      <Filter>PipelineDescriptions</Filter>
    </None>
    <None Include="PipelineDescriptions\SSAOBlurHorizontalPipeline.tech">
      <Filter>PipelineDescriptions</Filter>
    </None>
    <None Include="PipelineDescriptions\SSAOApplyPipeline.tech">
      <Filter>PipelineDescriptions</Filter>
    </None>
    <None Include="PipelineDescriptions\SSAOBlurVerticalPipeline.tech">
      <Filter>PipelineDescriptions</Filter>
    </None>
    <None Include="PipelineDescriptions\SSAOComputePipeline.tech">
      <Filter>PipelineDescriptions</Filter>
    </None>
    <None Include="PipelineDescriptions\AmbientLightingPipeline.tech">
      <Filter>PipelineDescriptions</Filter>
    </None>
    <None Include="Core\ResourceTable.inl">
      <Filter>Core</Filter>
    </None>
    <None Include="Shaders\AmbientOcclusion\SSAOBlur_cs.hlsli">
      <Filter>Shaders\AmbientOcclusion</Filter>
    </None>
    <None Include="Shaders\IBL\IBL_Helpers.hlsli">
      <Filter>Shaders\IBL</Filter>
    </None>
    <None Include="Shaders\ToneMapping.hlsli">
      <Filter>Shaders\HDR</Filter>
    </None>
    <None Include="Shaders\_deprecated\LambertLighting.hlsli">
      <Filter>Shaders\_deprecated</Filter>
    </None>
    <None Include="Shaders\_deprecated\PostFX_rootsig.hlsli">
      <Filter>Shaders\_deprecated</Filter>
    </None>
    <None Include="Shaders\_deprecated\SemiAmbientLighting.hlsli">
      <Filter>Shaders\_deprecated</Filter>
    </None>
    <None Include="PipelineDescriptions\AmbientLightingIBLPipeline.tech">
      <Filter>Shaders\DeferredShading</Filter>
    </None>
    <None Include="PipelineDescriptions\BrightnessFilterPipeline.tech" />
    <None Include="PipelineDescriptions\BloomDownsamplePipeline.tech" />
    <None Include="PipelineDescriptions\BloomUpsamplePipeline.tech" />
    <None Include="PipelineDescriptions\BloomApplyPipeline.tech" />
    <None Include="PipelineDescriptions\BloomDownsamplePass1Pipeline.tech" />
  </ItemGroup>
  <ItemGroup>
    <Text Include="PipelineDescriptions\AABBRenderPipeline.blend">
      <Filter>PipelineDescriptions</Filter>
    </Text>
    <Text Include="PipelineDescriptions\AABBRenderPipeline.tech">
      <Filter>PipelineDescriptions</Filter>
    </Text>
    <Text Include="PipelineDescriptions\ArmatureDebugPipeline.blend">
      <Filter>PipelineDescriptions</Filter>
    </Text>
    <Text Include="PipelineDescriptions\ArmatureDebugPipeline.tech">
      <Filter>PipelineDescriptions</Filter>
    </Text>
    <Text Include="PipelineDescriptions\DeferredShading.tech">
      <Filter>PipelineDescriptions</Filter>
    </Text>
    <Text Include="PipelineDescriptions\Depth_LE_WriteAll.depth">
      <Filter>PipelineDescriptions</Filter>
    </Text>
    <Text Include="PipelineDescriptions\Depth_None.depth">
      <Filter>PipelineDescriptions</Filter>
    </Text>
    <Text Include="PipelineDescriptions\GPassPipeline.blend">
      <Filter>PipelineDescriptions</Filter>
    </Text>
    <Text Include="PipelineDescriptions\GPassPipeline.tech">
      <Filter>PipelineDescriptions</Filter>
    </Text>
    <Text Include="PipelineDescriptions\Raster_Solid.raster">
      <Filter>PipelineDescriptions</Filter>
    </Text>
    <Text Include="PipelineDescriptions\SkyboxPipeline.tech">
      <Filter>PipelineDescriptions</Filter>
    </Text>
    <Text Include="PipelineDescriptions\IBL_DiffuseIrradianceConvolution.tech">
      <Filter>PipelineDescriptions</Filter>
    </Text>
  </ItemGroup>
  <ItemGroup>
    <Filter Include="Render">
      <UniqueIdentifier>{be26f789-feb9-4f10-905c-7b4b85f5171c}</UniqueIdentifier>
    </Filter>
    <Filter Include="Render\Frame">
      <UniqueIdentifier>{a29759f0-c378-4f2c-93d2-3861f4a05ed6}</UniqueIdentifier>
    </Filter>
    <Filter Include="Shaders">
      <UniqueIdentifier>{10f3dd25-9b17-47ce-a525-d4058b620373}</UniqueIdentifier>
    </Filter>
    <Filter Include="Scene">
      <UniqueIdentifier>{6c2c0b43-3bff-42e4-af5a-793251e4d16e}</UniqueIdentifier>
    </Filter>
    <Filter Include="Scene\Entity">
      <UniqueIdentifier>{5ea114ec-c06d-4486-afcd-ad97f0edbd59}</UniqueIdentifier>
    </Filter>
    <Filter Include="Scene\Entity\Components">
      <UniqueIdentifier>{eb63680b-bb84-43f6-9bc7-a5f6799218e2}</UniqueIdentifier>
    </Filter>
    <Filter Include="Render\Passes">
      <UniqueIdentifier>{0b597b3b-254a-4d72-9806-ac2d90a9fd5a}</UniqueIdentifier>
    </Filter>
    <Filter Include="PipelineDescriptions">
      <UniqueIdentifier>{805226ba-ce08-4e7a-a922-e866594a47c7}</UniqueIdentifier>
    </Filter>
    <Filter Include="Scene\Volumes">
      <UniqueIdentifier>{f865e6af-94b7-4fbd-93a9-b02b50e314c6}</UniqueIdentifier>
    </Filter>
    <Filter Include="Window">
      <UniqueIdentifier>{f4843a9b-d536-453f-a717-2d330db09d67}</UniqueIdentifier>
    </Filter>
    <Filter Include="Input">
      <UniqueIdentifier>{fe9d9fef-5315-4fe5-9f34-3f7291959362}</UniqueIdentifier>
    </Filter>
    <Filter Include="Events">
      <UniqueIdentifier>{11d5bdb7-c727-4dc1-9195-200dbf49c04a}</UniqueIdentifier>
    </Filter>
    <Filter Include="Helpers">
      <UniqueIdentifier>{ed2d982c-dae4-4c84-a4fb-351f8433e83d}</UniqueIdentifier>
    </Filter>
    <Filter Include="Render\Helpers">
      <UniqueIdentifier>{f98000ae-d9e5-496f-a238-ab49e86ccebb}</UniqueIdentifier>
    </Filter>
    <Filter Include="Core">
      <UniqueIdentifier>{b471a2ca-ae2e-46f5-a381-d49979a645ad}</UniqueIdentifier>
    </Filter>
    <Filter Include="Render\Passes\PFX">
      <UniqueIdentifier>{6134efa8-471e-43e1-bfbe-93a60ad26f48}</UniqueIdentifier>
    </Filter>
    <Filter Include="Render\Passes\Debug">
      <UniqueIdentifier>{7c34d9b3-c3d6-456c-bbf7-1c9e71c46b1a}</UniqueIdentifier>
    </Filter>
    <Filter Include="Render\Passes\Shadows">
      <UniqueIdentifier>{832bef58-ae9f-4d0e-a1af-ca77c6ab30a9}</UniqueIdentifier>
    </Filter>
    <Filter Include="Render\Passes\PFX\AntiAliasing">
      <UniqueIdentifier>{203b5882-57ad-49bf-985c-7abc901f4465}</UniqueIdentifier>
    </Filter>
    <Filter Include="Render\Passes\PFX\ToneMapping">
      <UniqueIdentifier>{e4f9c429-db53-4b21-ae07-3e17edd714a8}</UniqueIdentifier>
    </Filter>
    <Filter Include="Render\Passes\PFX\AmbientOcclusion">
      <UniqueIdentifier>{428481c2-2296-48dd-a616-3dc7d84b2dad}</UniqueIdentifier>
    </Filter>
    <Filter Include="Shaders\AmbientOcclusion">
      <UniqueIdentifier>{2aa6c347-f570-4e1a-900e-80e53b035247}</UniqueIdentifier>
    </Filter>
    <Filter Include="Shaders\DebugDraw">
      <UniqueIdentifier>{14cf90d9-d26a-43d8-84d6-71fb02fbcd2f}</UniqueIdentifier>
    </Filter>
    <Filter Include="Shaders\Shadows">
      <UniqueIdentifier>{c5ccf19b-75b7-4ac6-8c3a-fb02b9742b00}</UniqueIdentifier>
    </Filter>
    <Filter Include="Shaders\Skybox">
      <UniqueIdentifier>{94a534b4-2e11-43a4-bf44-1ee4912e46a0}</UniqueIdentifier>
    </Filter>
    <Filter Include="Shaders\GeometryPass">
      <UniqueIdentifier>{b236510f-000c-4735-a329-a74aa33c95bf}</UniqueIdentifier>
    </Filter>
    <Filter Include="Shaders\DeferredShading">
      <UniqueIdentifier>{f8bb0057-b5c4-4dc8-b31a-761e832e0c85}</UniqueIdentifier>
    </Filter>
    <Filter Include="Shaders\AntiAliasing">
      <UniqueIdentifier>{c28998fe-3e84-423d-ad36-64437802182b}</UniqueIdentifier>
    </Filter>
    <Filter Include="Shaders\IBL">
      <UniqueIdentifier>{767e6fbf-0eb5-4dc9-8ccd-b9678ba7b590}</UniqueIdentifier>
    </Filter>
    <Filter Include="Shaders\HDR">
      <UniqueIdentifier>{9f32fcc9-ac02-41ef-9eeb-fe373adc9abb}</UniqueIdentifier>
    </Filter>
    <Filter Include="Shaders\_deprecated">
      <UniqueIdentifier>{bb7043aa-e993-420f-89fb-3d43a4b5ef82}</UniqueIdentifier>
    </Filter>
  </ItemGroup>
</Project>